// !$*UTF8*$!
{
	archiveVersion = 1;
	classes = {
	};
	objectVersion = 55;
	objects = {

/* Begin PBXBuildFile section */
		3F3715142810ADF400C9F8B0 /* AppDelegate.swift in Sources */ = {isa = PBXBuildFile; fileRef = 3F3715132810ADF400C9F8B0 /* AppDelegate.swift */; };
		3F3715162810ADF400C9F8B0 /* SceneDelegate.swift in Sources */ = {isa = PBXBuildFile; fileRef = 3F3715152810ADF400C9F8B0 /* SceneDelegate.swift */; };
		3F3715182810ADF400C9F8B0 /* ViewController.swift in Sources */ = {isa = PBXBuildFile; fileRef = 3F3715172810ADF400C9F8B0 /* ViewController.swift */; };
		3F37151B2810ADF400C9F8B0 /* Main.storyboard in Resources */ = {isa = PBXBuildFile; fileRef = 3F3715192810ADF400C9F8B0 /* Main.storyboard */; };
		3F37151D2810ADF500C9F8B0 /* Assets.xcassets in Resources */ = {isa = PBXBuildFile; fileRef = 3F37151C2810ADF500C9F8B0 /* Assets.xcassets */; };
		3F3715202810ADF500C9F8B0 /* LaunchScreen.storyboard in Resources */ = {isa = PBXBuildFile; fileRef = 3F37151E2810ADF500C9F8B0 /* LaunchScreen.storyboard */; };
		3F3715282810AED200C9F8B0 /* GoogleService-Info.plist in Resources */ = {isa = PBXBuildFile; fileRef = 3F3715272810AED200C9F8B0 /* GoogleService-Info.plist */; };
		3F37152B2810AF9700C9F8B0 /* FirebaseAnalytics in Frameworks */ = {isa = PBXBuildFile; productRef = 3F37152A2810AF9700C9F8B0 /* FirebaseAnalytics */; };
		3F37152D2810AF9700C9F8B0 /* FirebaseAuth in Frameworks */ = {isa = PBXBuildFile; productRef = 3F37152C2810AF9700C9F8B0 /* FirebaseAuth */; };
		3F37152F2810AF9700C9F8B0 /* FirebaseDatabase in Frameworks */ = {isa = PBXBuildFile; productRef = 3F37152E2810AF9700C9F8B0 /* FirebaseDatabase */; };
		3FF0D4802810C09F00099342 /* DetailViewController.swift in Sources */ = {isa = PBXBuildFile; fileRef = 3FF0D47F2810C09F00099342 /* DetailViewController.swift */; };
/* End PBXBuildFile section */

/* Begin PBXFileReference section */
		3F3715102810ADF400C9F8B0 /* DatabaseTrial.app */ = {isa = PBXFileReference; explicitFileType = wrapper.application; includeInIndex = 0; path = DatabaseTrial.app; sourceTree = BUILT_PRODUCTS_DIR; };
		3F3715132810ADF400C9F8B0 /* AppDelegate.swift */ = {isa = PBXFileReference; lastKnownFileType = sourcecode.swift; path = AppDelegate.swift; sourceTree = "<group>"; };
		3F3715152810ADF400C9F8B0 /* SceneDelegate.swift */ = {isa = PBXFileReference; lastKnownFileType = sourcecode.swift; path = SceneDelegate.swift; sourceTree = "<group>"; };
		3F3715172810ADF400C9F8B0 /* ViewController.swift */ = {isa = PBXFileReference; lastKnownFileType = sourcecode.swift; path = ViewController.swift; sourceTree = "<group>"; };
		3F37151A2810ADF400C9F8B0 /* Base */ = {isa = PBXFileReference; lastKnownFileType = file.storyboard; name = Base; path = Base.lproj/Main.storyboard; sourceTree = "<group>"; };
		3F37151C2810ADF500C9F8B0 /* Assets.xcassets */ = {isa = PBXFileReference; lastKnownFileType = folder.assetcatalog; path = Assets.xcassets; sourceTree = "<group>"; };
		3F37151F2810ADF500C9F8B0 /* Base */ = {isa = PBXFileReference; lastKnownFileType = file.storyboard; name = Base; path = Base.lproj/LaunchScreen.storyboard; sourceTree = "<group>"; };
		3F3715212810ADF500C9F8B0 /* Info.plist */ = {isa = PBXFileReference; lastKnownFileType = text.plist.xml; path = Info.plist; sourceTree = "<group>"; };
		3F3715272810AED200C9F8B0 /* GoogleService-Info.plist */ = {isa = PBXFileReference; fileEncoding = 4; lastKnownFileType = text.plist.xml; name = "GoogleService-Info.plist"; path = "../../../Downloads/GoogleService-Info.plist"; sourceTree = "<group>"; };
		3FF0D47F2810C09F00099342 /* DetailViewController.swift */ = {isa = PBXFileReference; lastKnownFileType = sourcecode.swift; path = DetailViewController.swift; sourceTree = "<group>"; };
/* End PBXFileReference section */

/* Begin PBXFrameworksBuildPhase section */
		3F37150D2810ADF400C9F8B0 /* Frameworks */ = {
			isa = PBXFrameworksBuildPhase;
			buildActionMask = 2147483647;
			files = (
				3F37152F2810AF9700C9F8B0 /* FirebaseDatabase in Frameworks */,
				3F37152B2810AF9700C9F8B0 /* FirebaseAnalytics in Frameworks */,
				3F37152D2810AF9700C9F8B0 /* FirebaseAuth in Frameworks */,
			);
			runOnlyForDeploymentPostprocessing = 0;
		};
/* End PBXFrameworksBuildPhase section */

/* Begin PBXGroup section */
		3F3715072810ADF400C9F8B0 = {
			isa = PBXGroup;
			children = (
				3F3715122810ADF400C9F8B0 /* DatabaseTrial */,
				3F3715112810ADF400C9F8B0 /* Products */,
			);
			sourceTree = "<group>";
		};
		3F3715112810ADF400C9F8B0 /* Products */ = {
			isa = PBXGroup;
			children = (
				3F3715102810ADF400C9F8B0 /* DatabaseTrial.app */,
			);
			name = Products;
			sourceTree = "<group>";
		};
		3F3715122810ADF400C9F8B0 /* DatabaseTrial */ = {
			isa = PBXGroup;
			children = (
				3F3715272810AED200C9F8B0 /* GoogleService-Info.plist */,
				3F3715132810ADF400C9F8B0 /* AppDelegate.swift */,
				3F3715152810ADF400C9F8B0 /* SceneDelegate.swift */,
				3F3715172810ADF400C9F8B0 /* ViewController.swift */,
				3F3715192810ADF400C9F8B0 /* Main.storyboard */,
				3F37151C2810ADF500C9F8B0 /* Assets.xcassets */,
				3F37151E2810ADF500C9F8B0 /* LaunchScreen.storyboard */,
				3F3715212810ADF500C9F8B0 /* Info.plist */,
				3FF0D47F2810C09F00099342 /* DetailViewController.swift */,
			);
			path = DatabaseTrial;
			sourceTree = "<group>";
		};
/* End PBXGroup section */

/* Begin PBXNativeTarget section */
		3F37150F2810ADF400C9F8B0 /* DatabaseTrial */ = {
			isa = PBXNativeTarget;
			buildConfigurationList = 3F3715242810ADF500C9F8B0 /* Build configuration list for PBXNativeTarget "DatabaseTrial" */;
			buildPhases = (
				3F37150C2810ADF400C9F8B0 /* Sources */,
				3F37150D2810ADF400C9F8B0 /* Frameworks */,
				3F37150E2810ADF400C9F8B0 /* Resources */,
			);
			buildRules = (
			);
			dependencies = (
			);
			name = DatabaseTrial;
			packageProductDependencies = (
				3F37152A2810AF9700C9F8B0 /* FirebaseAnalytics */,
				3F37152C2810AF9700C9F8B0 /* FirebaseAuth */,
				3F37152E2810AF9700C9F8B0 /* FirebaseDatabase */,
			);
			productName = DatabaseTrial;
			productReference = 3F3715102810ADF400C9F8B0 /* DatabaseTrial.app */;
			productType = "com.apple.product-type.application";
		};
/* End PBXNativeTarget section */

/* Begin PBXProject section */
		3F3715082810ADF400C9F8B0 /* Project object */ = {
			isa = PBXProject;
			attributes = {
				BuildIndependentTargetsInParallel = 1;
				LastSwiftUpdateCheck = 1330;
				LastUpgradeCheck = 1330;
				TargetAttributes = {
					3F37150F2810ADF400C9F8B0 = {
						CreatedOnToolsVersion = 13.3.1;
					};
				};
			};
			buildConfigurationList = 3F37150B2810ADF400C9F8B0 /* Build configuration list for PBXProject "DatabaseTrial" */;
			compatibilityVersion = "Xcode 13.0";
			developmentRegion = en;
			hasScannedForEncodings = 0;
			knownRegions = (
				en,
				Base,
			);
			mainGroup = 3F3715072810ADF400C9F8B0;
			packageReferences = (
				3F3715292810AF9700C9F8B0 /* XCRemoteSwiftPackageReference "firebase-ios-sdk" */,
			);
			productRefGroup = 3F3715112810ADF400C9F8B0 /* Products */;
			projectDirPath = "";
			projectRoot = "";
			targets = (
				3F37150F2810ADF400C9F8B0 /* DatabaseTrial */,
			);
		};
/* End PBXProject section */

/* Begin PBXResourcesBuildPhase section */
		3F37150E2810ADF400C9F8B0 /* Resources */ = {
			isa = PBXResourcesBuildPhase;
			buildActionMask = 2147483647;
			files = (
				3F3715202810ADF500C9F8B0 /* LaunchScreen.storyboard in Resources */,
				3F37151D2810ADF500C9F8B0 /* Assets.xcassets in Resources */,
				3F37151B2810ADF400C9F8B0 /* Main.storyboard in Resources */,
				3F3715282810AED200C9F8B0 /* GoogleService-Info.plist in Resources */,
			);
			runOnlyForDeploymentPostprocessing = 0;
		};
/* End PBXResourcesBuildPhase section */

/* Begin PBXSourcesBuildPhase section */
		3F37150C2810ADF400C9F8B0 /* Sources */ = {
			isa = PBXSourcesBuildPhase;
			buildActionMask = 2147483647;
			files = (
				3F3715182810ADF400C9F8B0 /* ViewController.swift in Sources */,
				3F3715142810ADF400C9F8B0 /* AppDelegate.swift in Sources */,
				3F3715162810ADF400C9F8B0 /* SceneDelegate.swift in Sources */,
				3FF0D4802810C09F00099342 /* DetailViewController.swift in Sources */,
			);
			runOnlyForDeploymentPostprocessing = 0;
		};
/* End PBXSourcesBuildPhase section */

/* Begin PBXVariantGroup section */
		3F3715192810ADF400C9F8B0 /* Main.storyboard */ = {
			isa = PBXVariantGroup;
			children = (
				3F37151A2810ADF400C9F8B0 /* Base */,
			);
			name = Main.storyboard;
			sourceTree = "<group>";
		};
		3F37151E2810ADF500C9F8B0 /* LaunchScreen.storyboard */ = {
			isa = PBXVariantGroup;
			children = (
				3F37151F2810ADF500C9F8B0 /* Base */,
			);
			name = LaunchScreen.storyboard;
			sourceTree = "<group>";
		};
/* End PBXVariantGroup section */

/* Begin XCBuildConfiguration section */
		3F3715222810ADF500C9F8B0 /* Debug */ = {
			isa = XCBuildConfiguration;
			buildSettings = {
				ALWAYS_SEARCH_USER_PATHS = NO;
				CLANG_ANALYZER_NONNULL = YES;
				CLANG_ANALYZER_NUMBER_OBJECT_CONVERSION = YES_AGGRESSIVE;
				CLANG_CXX_LANGUAGE_STANDARD = "gnu++17";
				CLANG_ENABLE_MODULES = YES;
				CLANG_ENABLE_OBJC_ARC = YES;
				CLANG_ENABLE_OBJC_WEAK = YES;
				CLANG_WARN_BLOCK_CAPTURE_AUTORELEASING = YES;
				CLANG_WARN_BOOL_CONVERSION = YES;
				CLANG_WARN_COMMA = YES;
				CLANG_WARN_CONSTANT_CONVERSION = YES;
				CLANG_WARN_DEPRECATED_OBJC_IMPLEMENTATIONS = YES;
				CLANG_WARN_DIRECT_OBJC_ISA_USAGE = YES_ERROR;
				CLANG_WARN_DOCUMENTATION_COMMENTS = YES;
				CLANG_WARN_EMPTY_BODY = YES;
				CLANG_WARN_ENUM_CONVERSION = YES;
				CLANG_WARN_INFINITE_RECURSION = YES;
				CLANG_WARN_INT_CONVERSION = YES;
				CLANG_WARN_NON_LITERAL_NULL_CONVERSION = YES;
				CLANG_WARN_OBJC_IMPLICIT_RETAIN_SELF = YES;
				CLANG_WARN_OBJC_LITERAL_CONVERSION = YES;
				CLANG_WARN_OBJC_ROOT_CLASS = YES_ERROR;
				CLANG_WARN_QUOTED_INCLUDE_IN_FRAMEWORK_HEADER = YES;
				CLANG_WARN_RANGE_LOOP_ANALYSIS = YES;
				CLANG_WARN_STRICT_PROTOTYPES = YES;
				CLANG_WARN_SUSPICIOUS_MOVE = YES;
				CLANG_WARN_UNGUARDED_AVAILABILITY = YES_AGGRESSIVE;
				CLANG_WARN_UNREACHABLE_CODE = YES;
				CLANG_WARN__DUPLICATE_METHOD_MATCH = YES;
				COPY_PHASE_STRIP = NO;
				DEBUG_INFORMATION_FORMAT = dwarf;
				ENABLE_STRICT_OBJC_MSGSEND = YES;
				ENABLE_TESTABILITY = YES;
				GCC_C_LANGUAGE_STANDARD = gnu11;
				GCC_DYNAMIC_NO_PIC = NO;
				GCC_NO_COMMON_BLOCKS = YES;
				GCC_OPTIMIZATION_LEVEL = 0;
				GCC_PREPROCESSOR_DEFINITIONS = (
					"DEBUG=1",
					"$(inherited)",
				);
				GCC_WARN_64_TO_32_BIT_CONVERSION = YES;
				GCC_WARN_ABOUT_RETURN_TYPE = YES_ERROR;
				GCC_WARN_UNDECLARED_SELECTOR = YES;
				GCC_WARN_UNINITIALIZED_AUTOS = YES_AGGRESSIVE;
				GCC_WARN_UNUSED_FUNCTION = YES;
				GCC_WARN_UNUSED_VARIABLE = YES;
				IPHONEOS_DEPLOYMENT_TARGET = 15.4;
				MTL_ENABLE_DEBUG_INFO = INCLUDE_SOURCE;
				MTL_FAST_MATH = YES;
				ONLY_ACTIVE_ARCH = YES;
				SDKROOT = iphoneos;
				SWIFT_ACTIVE_COMPILATION_CONDITIONS = DEBUG;
				SWIFT_OPTIMIZATION_LEVEL = "-Onone";
			};
			name = Debug;
		};
		3F3715232810ADF500C9F8B0 /* Release */ = {
			isa = XCBuildConfiguration;
			buildSettings = {
				ALWAYS_SEARCH_USER_PATHS = NO;
				CLANG_ANALYZER_NONNULL = YES;
				CLANG_ANALYZER_NUMBER_OBJECT_CONVERSION = YES_AGGRESSIVE;
				CLANG_CXX_LANGUAGE_STANDARD = "gnu++17";
				CLANG_ENABLE_MODULES = YES;
				CLANG_ENABLE_OBJC_ARC = YES;
				CLANG_ENABLE_OBJC_WEAK = YES;
				CLANG_WARN_BLOCK_CAPTURE_AUTORELEASING = YES;
				CLANG_WARN_BOOL_CONVERSION = YES;
				CLANG_WARN_COMMA = YES;
				CLANG_WARN_CONSTANT_CONVERSION = YES;
				CLANG_WARN_DEPRECATED_OBJC_IMPLEMENTATIONS = YES;
				CLANG_WARN_DIRECT_OBJC_ISA_USAGE = YES_ERROR;
				CLANG_WARN_DOCUMENTATION_COMMENTS = YES;
				CLANG_WARN_EMPTY_BODY = YES;
				CLANG_WARN_ENUM_CONVERSION = YES;
				CLANG_WARN_INFINITE_RECURSION = YES;
				CLANG_WARN_INT_CONVERSION = YES;
				CLANG_WARN_NON_LITERAL_NULL_CONVERSION = YES;
				CLANG_WARN_OBJC_IMPLICIT_RETAIN_SELF = YES;
				CLANG_WARN_OBJC_LITERAL_CONVERSION = YES;
				CLANG_WARN_OBJC_ROOT_CLASS = YES_ERROR;
				CLANG_WARN_QUOTED_INCLUDE_IN_FRAMEWORK_HEADER = YES;
				CLANG_WARN_RANGE_LOOP_ANALYSIS = YES;
				CLANG_WARN_STRICT_PROTOTYPES = YES;
				CLANG_WARN_SUSPICIOUS_MOVE = YES;
				CLANG_WARN_UNGUARDED_AVAILABILITY = YES_AGGRESSIVE;
				CLANG_WARN_UNREACHABLE_CODE = YES;
				CLANG_WARN__DUPLICATE_METHOD_MATCH = YES;
				COPY_PHASE_STRIP = NO;
				DEBUG_INFORMATION_FORMAT = "dwarf-with-dsym";
				ENABLE_NS_ASSERTIONS = NO;
				ENABLE_STRICT_OBJC_MSGSEND = YES;
				GCC_C_LANGUAGE_STANDARD = gnu11;
				GCC_NO_COMMON_BLOCKS = YES;
				GCC_WARN_64_TO_32_BIT_CONVERSION = YES;
				GCC_WARN_ABOUT_RETURN_TYPE = YES_ERROR;
				GCC_WARN_UNDECLARED_SELECTOR = YES;
				GCC_WARN_UNINITIALIZED_AUTOS = YES_AGGRESSIVE;
				GCC_WARN_UNUSED_FUNCTION = YES;
				GCC_WARN_UNUSED_VARIABLE = YES;
				IPHONEOS_DEPLOYMENT_TARGET = 15.4;
				MTL_ENABLE_DEBUG_INFO = NO;
				MTL_FAST_MATH = YES;
				SDKROOT = iphoneos;
				SWIFT_COMPILATION_MODE = wholemodule;
				SWIFT_OPTIMIZATION_LEVEL = "-O";
				VALIDATE_PRODUCT = YES;
			};
			name = Release;
		};
		3F3715252810ADF500C9F8B0 /* Debug */ = {
			isa = XCBuildConfiguration;
			buildSettings = {
				ASSETCATALOG_COMPILER_APPICON_NAME = AppIcon;
				ASSETCATALOG_COMPILER_GLOBAL_ACCENT_COLOR_NAME = AccentColor;
				CODE_SIGN_STYLE = Automatic;
				CURRENT_PROJECT_VERSION = 1;
				GENERATE_INFOPLIST_FILE = YES;
				INFOPLIST_FILE = DatabaseTrial/Info.plist;
				INFOPLIST_KEY_UIApplicationSupportsIndirectInputEvents = YES;
				INFOPLIST_KEY_UILaunchStoryboardName = LaunchScreen;
				INFOPLIST_KEY_UIMainStoryboardFile = Main;
				INFOPLIST_KEY_UISupportedInterfaceOrientations_iPad = "UIInterfaceOrientationPortrait UIInterfaceOrientationPortraitUpsideDown UIInterfaceOrientationLandscapeLeft UIInterfaceOrientationLandscapeRight";
				INFOPLIST_KEY_UISupportedInterfaceOrientations_iPhone = "UIInterfaceOrientationPortrait UIInterfaceOrientationLandscapeLeft UIInterfaceOrientationLandscapeRight";
				LD_RUNPATH_SEARCH_PATHS = (
					"$(inherited)",
					"@executable_path/Frameworks",
				);
				MARKETING_VERSION = 1.0;
				PRODUCT_BUNDLE_IDENTIFIER = nwmsu.DatabaseTrial;
				PRODUCT_NAME = "$(TARGET_NAME)";
				SWIFT_EMIT_LOC_STRINGS = YES;
				SWIFT_VERSION = 5.0;
				TARGETED_DEVICE_FAMILY = "1,2";
			};
			name = Debug;
		};
		3F3715262810ADF500C9F8B0 /* Release */ = {
			isa = XCBuildConfiguration;
			buildSettings = {
				ASSETCATALOG_COMPILER_APPICON_NAME = AppIcon;
				ASSETCATALOG_COMPILER_GLOBAL_ACCENT_COLOR_NAME = AccentColor;
				CODE_SIGN_STYLE = Automatic;
				CURRENT_PROJECT_VERSION = 1;
				GENERATE_INFOPLIST_FILE = YES;
				INFOPLIST_FILE = DatabaseTrial/Info.plist;
				INFOPLIST_KEY_UIApplicationSupportsIndirectInputEvents = YES;
				INFOPLIST_KEY_UILaunchStoryboardName = LaunchScreen;
				INFOPLIST_KEY_UIMainStoryboardFile = Main;
				INFOPLIST_KEY_UISupportedInterfaceOrientations_iPad = "UIInterfaceOrientationPortrait UIInterfaceOrientationPortraitUpsideDown UIInterfaceOrientationLandscapeLeft UIInterfaceOrientationLandscapeRight";
				INFOPLIST_KEY_UISupportedInterfaceOrientations_iPhone = "UIInterfaceOrientationPortrait UIInterfaceOrientationLandscapeLeft UIInterfaceOrientationLandscapeRight";
				LD_RUNPATH_SEARCH_PATHS = (
					"$(inherited)",
					"@executable_path/Frameworks",
				);
				MARKETING_VERSION = 1.0;
				PRODUCT_BUNDLE_IDENTIFIER = nwmsu.DatabaseTrial;
				PRODUCT_NAME = "$(TARGET_NAME)";
				SWIFT_EMIT_LOC_STRINGS = YES;
				SWIFT_VERSION = 5.0;
				TARGETED_DEVICE_FAMILY = "1,2";
			};
			name = Release;
		};
/* End XCBuildConfiguration section */

/* Begin XCConfigurationList section */
		3F37150B2810ADF400C9F8B0 /* Build configuration list for PBXProject "DatabaseTrial" */ = {
			isa = XCConfigurationList;
			buildConfigurations = (
				3F3715222810ADF500C9F8B0 /* Debug */,
				3F3715232810ADF500C9F8B0 /* Release */,
			);
			defaultConfigurationIsVisible = 0;
			defaultConfigurationName = Release;
		};
		3F3715242810ADF500C9F8B0 /* Build configuration list for PBXNativeTarget "DatabaseTrial" */ = {
			isa = XCConfigurationList;
			buildConfigurations = (
				3F3715252810ADF500C9F8B0 /* Debug */,
				3F3715262810ADF500C9F8B0 /* Release */,
			);
			defaultConfigurationIsVisible = 0;
			defaultConfigurationName = Release;
		};
/* End XCConfigurationList section */

/* Begin XCRemoteSwiftPackageReference section */
		3F3715292810AF9700C9F8B0 /* XCRemoteSwiftPackageReference "firebase-ios-sdk" */ = {
			isa = XCRemoteSwiftPackageReference;
			repositoryURL = "https://github.com/firebase/firebase-ios-sdk";
			requirement = {
				kind = upToNextMajorVersion;
				minimumVersion = 8.0.0;
			};
		};
/* End XCRemoteSwiftPackageReference section */

/* Begin XCSwiftPackageProductDependency section */
		3F37152A2810AF9700C9F8B0 /* FirebaseAnalytics */ = {
			isa = XCSwiftPackageProductDependency;
			package = 3F3715292810AF9700C9F8B0 /* XCRemoteSwiftPackageReference "firebase-ios-sdk" */;
			productName = FirebaseAnalytics;
		};
		3F37152C2810AF9700C9F8B0 /* FirebaseAuth */ = {
			isa = XCSwiftPackageProductDependency;
			package = 3F3715292810AF9700C9F8B0 /* XCRemoteSwiftPackageReference "firebase-ios-sdk" */;
			productName = FirebaseAuth;
		};
		3F37152E2810AF9700C9F8B0 /* FirebaseDatabase */ = {
			isa = XCSwiftPackageProductDependency;
			package = 3F3715292810AF9700C9F8B0 /* XCRemoteSwiftPackageReference "firebase-ios-sdk" */;
			productName = FirebaseDatabase;
		};
/* End XCSwiftPackageProductDependency section */
	};
	rootObject = 3F3715082810ADF400C9F8B0 /* Project object */;
}
