// !$*UTF8*$!
{
	archiveVersion = 1;
	classes = {
	};
	objectVersion = 55;
	objects = {

/* Begin PBXBuildFile section */
		F6B9A78E28184EE900136B1D /* AppDelegate.swift in Sources */ = {isa = PBXBuildFile; fileRef = F6B9A78D28184EE900136B1D /* AppDelegate.swift */; };
		F6B9A79028184EE900136B1D /* SceneDelegate.swift in Sources */ = {isa = PBXBuildFile; fileRef = F6B9A78F28184EE900136B1D /* SceneDelegate.swift */; };
		F6B9A79228184EE900136B1D /* ViewController.swift in Sources */ = {isa = PBXBuildFile; fileRef = F6B9A79128184EE900136B1D /* ViewController.swift */; };
		F6B9A79528184EE900136B1D /* Main.storyboard in Resources */ = {isa = PBXBuildFile; fileRef = F6B9A79328184EE900136B1D /* Main.storyboard */; };
		F6B9A79728184EEA00136B1D /* Assets.xcassets in Resources */ = {isa = PBXBuildFile; fileRef = F6B9A79628184EEA00136B1D /* Assets.xcassets */; };
		F6B9A79A28184EEA00136B1D /* LaunchScreen.storyboard in Resources */ = {isa = PBXBuildFile; fileRef = F6B9A79828184EEA00136B1D /* LaunchScreen.storyboard */; };
		F6B9A7A528184EEA00136B1D /* Takkellapati_RestaurantAppTests.swift in Sources */ = {isa = PBXBuildFile; fileRef = F6B9A7A428184EEA00136B1D /* Takkellapati_RestaurantAppTests.swift */; };
		F6B9A7AF28184EEA00136B1D /* Takkellapati_RestaurantAppUITests.swift in Sources */ = {isa = PBXBuildFile; fileRef = F6B9A7AE28184EEA00136B1D /* Takkellapati_RestaurantAppUITests.swift */; };
		F6B9A7B128184EEA00136B1D /* Takkellapati_RestaurantAppUITestsLaunchTests.swift in Sources */ = {isa = PBXBuildFile; fileRef = F6B9A7B028184EEA00136B1D /* Takkellapati_RestaurantAppUITestsLaunchTests.swift */; };
		F6B9A7BE28184F0700136B1D /* Restaurant.swift in Sources */ = {isa = PBXBuildFile; fileRef = F6B9A7BD28184F0700136B1D /* Restaurant.swift */; };
		F6B9A7C028184F3500136B1D /* RestaurantDetailsViewController.swift in Sources */ = {isa = PBXBuildFile; fileRef = F6B9A7BF28184F3500136B1D /* RestaurantDetailsViewController.swift */; };
/* End PBXBuildFile section */

/* Begin PBXContainerItemProxy section */
		F6B9A7A128184EEA00136B1D /* PBXContainerItemProxy */ = {
			isa = PBXContainerItemProxy;
			containerPortal = F6B9A78228184EE800136B1D /* Project object */;
			proxyType = 1;
			remoteGlobalIDString = F6B9A78928184EE800136B1D;
			remoteInfo = Takkellapati_RestaurantApp;
		};
		F6B9A7AB28184EEA00136B1D /* PBXContainerItemProxy */ = {
			isa = PBXContainerItemProxy;
			containerPortal = F6B9A78228184EE800136B1D /* Project object */;
			proxyType = 1;
			remoteGlobalIDString = F6B9A78928184EE800136B1D;
			remoteInfo = Takkellapati_RestaurantApp;
		};
/* End PBXContainerItemProxy section */

/* Begin PBXFileReference section */
		F6B9A78A28184EE800136B1D /* Takkellapati_RestaurantApp.app */ = {isa = PBXFileReference; explicitFileType = wrapper.application; includeInIndex = 0; path = Takkellapati_RestaurantApp.app; sourceTree = BUILT_PRODUCTS_DIR; };
		F6B9A78D28184EE900136B1D /* AppDelegate.swift */ = {isa = PBXFileReference; lastKnownFileType = sourcecode.swift; path = AppDelegate.swift; sourceTree = "<group>"; };
		F6B9A78F28184EE900136B1D /* SceneDelegate.swift */ = {isa = PBXFileReference; lastKnownFileType = sourcecode.swift; path = SceneDelegate.swift; sourceTree = "<group>"; };
		F6B9A79128184EE900136B1D /* ViewController.swift */ = {isa = PBXFileReference; lastKnownFileType = sourcecode.swift; path = ViewController.swift; sourceTree = "<group>"; };
		F6B9A79428184EE900136B1D /* Base */ = {isa = PBXFileReference; lastKnownFileType = file.storyboard; name = Base; path = Base.lproj/Main.storyboard; sourceTree = "<group>"; };
		F6B9A79628184EEA00136B1D /* Assets.xcassets */ = {isa = PBXFileReference; lastKnownFileType = folder.assetcatalog; path = Assets.xcassets; sourceTree = "<group>"; };
		F6B9A79928184EEA00136B1D /* Base */ = {isa = PBXFileReference; lastKnownFileType = file.storyboard; name = Base; path = Base.lproj/LaunchScreen.storyboard; sourceTree = "<group>"; };
		F6B9A79B28184EEA00136B1D /* Info.plist */ = {isa = PBXFileReference; lastKnownFileType = text.plist.xml; path = Info.plist; sourceTree = "<group>"; };
		F6B9A7A028184EEA00136B1D /* Takkellapati_RestaurantAppTests.xctest */ = {isa = PBXFileReference; explicitFileType = wrapper.cfbundle; includeInIndex = 0; path = Takkellapati_RestaurantAppTests.xctest; sourceTree = BUILT_PRODUCTS_DIR; };
		F6B9A7A428184EEA00136B1D /* Takkellapati_RestaurantAppTests.swift */ = {isa = PBXFileReference; lastKnownFileType = sourcecode.swift; path = Takkellapati_RestaurantAppTests.swift; sourceTree = "<group>"; };
		F6B9A7AA28184EEA00136B1D /* Takkellapati_RestaurantAppUITests.xctest */ = {isa = PBXFileReference; explicitFileType = wrapper.cfbundle; includeInIndex = 0; path = Takkellapati_RestaurantAppUITests.xctest; sourceTree = BUILT_PRODUCTS_DIR; };
		F6B9A7AE28184EEA00136B1D /* Takkellapati_RestaurantAppUITests.swift */ = {isa = PBXFileReference; lastKnownFileType = sourcecode.swift; path = Takkellapati_RestaurantAppUITests.swift; sourceTree = "<group>"; };
		F6B9A7B028184EEA00136B1D /* Takkellapati_RestaurantAppUITestsLaunchTests.swift */ = {isa = PBXFileReference; lastKnownFileType = sourcecode.swift; path = Takkellapati_RestaurantAppUITestsLaunchTests.swift; sourceTree = "<group>"; };
		F6B9A7BD28184F0700136B1D /* Restaurant.swift */ = {isa = PBXFileReference; fileEncoding = 4; lastKnownFileType = sourcecode.swift; name = Restaurant.swift; path = ../../Restaurant.swift; sourceTree = "<group>"; };
		F6B9A7BF28184F3500136B1D /* RestaurantDetailsViewController.swift */ = {isa = PBXFileReference; lastKnownFileType = sourcecode.swift; path = RestaurantDetailsViewController.swift; sourceTree = "<group>"; };
/* End PBXFileReference section */

/* Begin PBXFrameworksBuildPhase section */
		F6B9A78728184EE800136B1D /* Frameworks */ = {
			isa = PBXFrameworksBuildPhase;
			buildActionMask = 2147483647;
			files = (
			);
			runOnlyForDeploymentPostprocessing = 0;
		};
		F6B9A79D28184EEA00136B1D /* Frameworks */ = {
			isa = PBXFrameworksBuildPhase;
			buildActionMask = 2147483647;
			files = (
			);
			runOnlyForDeploymentPostprocessing = 0;
		};
		F6B9A7A728184EEA00136B1D /* Frameworks */ = {
			isa = PBXFrameworksBuildPhase;
			buildActionMask = 2147483647;
			files = (
			);
			runOnlyForDeploymentPostprocessing = 0;
		};
/* End PBXFrameworksBuildPhase section */

/* Begin PBXGroup section */
		F6B9A78128184EE800136B1D = {
			isa = PBXGroup;
			children = (
				F6B9A78C28184EE800136B1D /* Takkellapati_RestaurantApp */,
				F6B9A7A328184EEA00136B1D /* Takkellapati_RestaurantAppTests */,
				F6B9A7AD28184EEA00136B1D /* Takkellapati_RestaurantAppUITests */,
				F6B9A78B28184EE800136B1D /* Products */,
			);
			sourceTree = "<group>";
		};
		F6B9A78B28184EE800136B1D /* Products */ = {
			isa = PBXGroup;
			children = (
				F6B9A78A28184EE800136B1D /* Takkellapati_RestaurantApp.app */,
				F6B9A7A028184EEA00136B1D /* Takkellapati_RestaurantAppTests.xctest */,
				F6B9A7AA28184EEA00136B1D /* Takkellapati_RestaurantAppUITests.xctest */,
			);
			name = Products;
			sourceTree = "<group>";
		};
		F6B9A78C28184EE800136B1D /* Takkellapati_RestaurantApp */ = {
			isa = PBXGroup;
			children = (
				F6B9A78D28184EE900136B1D /* AppDelegate.swift */,
				F6B9A78F28184EE900136B1D /* SceneDelegate.swift */,
				F6B9A79128184EE900136B1D /* ViewController.swift */,
				F6B9A79328184EE900136B1D /* Main.storyboard */,
				F6B9A79628184EEA00136B1D /* Assets.xcassets */,
				F6B9A7BD28184F0700136B1D /* Restaurant.swift */,
				F6B9A79828184EEA00136B1D /* LaunchScreen.storyboard */,
				F6B9A79B28184EEA00136B1D /* Info.plist */,
				F6B9A7BF28184F3500136B1D /* RestaurantDetailsViewController.swift */,
			);
			path = Takkellapati_RestaurantApp;
			sourceTree = "<group>";
		};
		F6B9A7A328184EEA00136B1D /* Takkellapati_RestaurantAppTests */ = {
			isa = PBXGroup;
			children = (
				F6B9A7A428184EEA00136B1D /* Takkellapati_RestaurantAppTests.swift */,
			);
			path = Takkellapati_RestaurantAppTests;
			sourceTree = "<group>";
		};
		F6B9A7AD28184EEA00136B1D /* Takkellapati_RestaurantAppUITests */ = {
			isa = PBXGroup;
			children = (
				F6B9A7AE28184EEA00136B1D /* Takkellapati_RestaurantAppUITests.swift */,
				F6B9A7B028184EEA00136B1D /* Takkellapati_RestaurantAppUITestsLaunchTests.swift */,
			);
			path = Takkellapati_RestaurantAppUITests;
			sourceTree = "<group>";
		};
/* End PBXGroup section */

/* Begin PBXNativeTarget section */
		F6B9A78928184EE800136B1D /* Takkellapati_RestaurantApp */ = {
			isa = PBXNativeTarget;
			buildConfigurationList = F6B9A7B428184EEA00136B1D /* Build configuration list for PBXNativeTarget "Takkellapati_RestaurantApp" */;
			buildPhases = (
				F6B9A78628184EE800136B1D /* Sources */,
				F6B9A78728184EE800136B1D /* Frameworks */,
				F6B9A78828184EE800136B1D /* Resources */,
			);
			buildRules = (
			);
			dependencies = (
			);
			name = Takkellapati_RestaurantApp;
			productName = Takkellapati_RestaurantApp;
			productReference = F6B9A78A28184EE800136B1D /* Takkellapati_RestaurantApp.app */;
			productType = "com.apple.product-type.application";
		};
		F6B9A79F28184EEA00136B1D /* Takkellapati_RestaurantAppTests */ = {
			isa = PBXNativeTarget;
			buildConfigurationList = F6B9A7B728184EEA00136B1D /* Build configuration list for PBXNativeTarget "Takkellapati_RestaurantAppTests" */;
			buildPhases = (
				F6B9A79C28184EEA00136B1D /* Sources */,
				F6B9A79D28184EEA00136B1D /* Frameworks */,
				F6B9A79E28184EEA00136B1D /* Resources */,
			);
			buildRules = (
			);
			dependencies = (
				F6B9A7A228184EEA00136B1D /* PBXTargetDependency */,
			);
			name = Takkellapati_RestaurantAppTests;
			productName = Takkellapati_RestaurantAppTests;
			productReference = F6B9A7A028184EEA00136B1D /* Takkellapati_RestaurantAppTests.xctest */;
			productType = "com.apple.product-type.bundle.unit-test";
		};
		F6B9A7A928184EEA00136B1D /* Takkellapati_RestaurantAppUITests */ = {
			isa = PBXNativeTarget;
			buildConfigurationList = F6B9A7BA28184EEA00136B1D /* Build configuration list for PBXNativeTarget "Takkellapati_RestaurantAppUITests" */;
			buildPhases = (
				F6B9A7A628184EEA00136B1D /* Sources */,
				F6B9A7A728184EEA00136B1D /* Frameworks */,
				F6B9A7A828184EEA00136B1D /* Resources */,
			);
			buildRules = (
			);
			dependencies = (
				F6B9A7AC28184EEA00136B1D /* PBXTargetDependency */,
			);
			name = Takkellapati_RestaurantAppUITests;
			productName = Takkellapati_RestaurantAppUITests;
			productReference = F6B9A7AA28184EEA00136B1D /* Takkellapati_RestaurantAppUITests.xctest */;
			productType = "com.apple.product-type.bundle.ui-testing";
		};
/* End PBXNativeTarget section */

/* Begin PBXProject section */
		F6B9A78228184EE800136B1D /* Project object */ = {
			isa = PBXProject;
			attributes = {
				BuildIndependentTargetsInParallel = 1;
				LastSwiftUpdateCheck = 1320;
				LastUpgradeCheck = 1320;
				TargetAttributes = {
					F6B9A78928184EE800136B1D = {
						CreatedOnToolsVersion = 13.2.1;
					};
					F6B9A79F28184EEA00136B1D = {
						CreatedOnToolsVersion = 13.2.1;
						TestTargetID = F6B9A78928184EE800136B1D;
					};
					F6B9A7A928184EEA00136B1D = {
						CreatedOnToolsVersion = 13.2.1;
						TestTargetID = F6B9A78928184EE800136B1D;
					};
				};
			};
			buildConfigurationList = F6B9A78528184EE800136B1D /* Build configuration list for PBXProject "Takkellapati_RestaurantApp" */;
			compatibilityVersion = "Xcode 13.0";
			developmentRegion = en;
			hasScannedForEncodings = 0;
			knownRegions = (
				en,
				Base,
			);
			mainGroup = F6B9A78128184EE800136B1D;
			productRefGroup = F6B9A78B28184EE800136B1D /* Products */;
			projectDirPath = "";
			projectRoot = "";
			targets = (
				F6B9A78928184EE800136B1D /* Takkellapati_RestaurantApp */,
				F6B9A79F28184EEA00136B1D /* Takkellapati_RestaurantAppTests */,
				F6B9A7A928184EEA00136B1D /* Takkellapati_RestaurantAppUITests */,
			);
		};
/* End PBXProject section */

/* Begin PBXResourcesBuildPhase section */
		F6B9A78828184EE800136B1D /* Resources */ = {
			isa = PBXResourcesBuildPhase;
			buildActionMask = 2147483647;
			files = (
				F6B9A79A28184EEA00136B1D /* LaunchScreen.storyboard in Resources */,
				F6B9A79728184EEA00136B1D /* Assets.xcassets in Resources */,
				F6B9A79528184EE900136B1D /* Main.storyboard in Resources */,
			);
			runOnlyForDeploymentPostprocessing = 0;
		};
		F6B9A79E28184EEA00136B1D /* Resources */ = {
			isa = PBXResourcesBuildPhase;
			buildActionMask = 2147483647;
			files = (
			);
			runOnlyForDeploymentPostprocessing = 0;
		};
		F6B9A7A828184EEA00136B1D /* Resources */ = {
			isa = PBXResourcesBuildPhase;
			buildActionMask = 2147483647;
			files = (
			);
			runOnlyForDeploymentPostprocessing = 0;
		};
/* End PBXResourcesBuildPhase section */

/* Begin PBXSourcesBuildPhase section */
		F6B9A78628184EE800136B1D /* Sources */ = {
			isa = PBXSourcesBuildPhase;
			buildActionMask = 2147483647;
			files = (
				F6B9A7BE28184F0700136B1D /* Restaurant.swift in Sources */,
				F6B9A7C028184F3500136B1D /* RestaurantDetailsViewController.swift in Sources */,
				F6B9A79228184EE900136B1D /* ViewController.swift in Sources */,
				F6B9A78E28184EE900136B1D /* AppDelegate.swift in Sources */,
				F6B9A79028184EE900136B1D /* SceneDelegate.swift in Sources */,
			);
			runOnlyForDeploymentPostprocessing = 0;
		};
		F6B9A79C28184EEA00136B1D /* Sources */ = {
			isa = PBXSourcesBuildPhase;
			buildActionMask = 2147483647;
			files = (
				F6B9A7A528184EEA00136B1D /* Takkellapati_RestaurantAppTests.swift in Sources */,
			);
			runOnlyForDeploymentPostprocessing = 0;
		};
		F6B9A7A628184EEA00136B1D /* Sources */ = {
			isa = PBXSourcesBuildPhase;
			buildActionMask = 2147483647;
			files = (
				F6B9A7B128184EEA00136B1D /* Takkellapati_RestaurantAppUITestsLaunchTests.swift in Sources */,
				F6B9A7AF28184EEA00136B1D /* Takkellapati_RestaurantAppUITests.swift in Sources */,
			);
			runOnlyForDeploymentPostprocessing = 0;
		};
/* End PBXSourcesBuildPhase section */

/* Begin PBXTargetDependency section */
		F6B9A7A228184EEA00136B1D /* PBXTargetDependency */ = {
			isa = PBXTargetDependency;
			target = F6B9A78928184EE800136B1D /* Takkellapati_RestaurantApp */;
			targetProxy = F6B9A7A128184EEA00136B1D /* PBXContainerItemProxy */;
		};
		F6B9A7AC28184EEA00136B1D /* PBXTargetDependency */ = {
			isa = PBXTargetDependency;
			target = F6B9A78928184EE800136B1D /* Takkellapati_RestaurantApp */;
			targetProxy = F6B9A7AB28184EEA00136B1D /* PBXContainerItemProxy */;
		};
/* End PBXTargetDependency section */

/* Begin PBXVariantGroup section */
		F6B9A79328184EE900136B1D /* Main.storyboard */ = {
			isa = PBXVariantGroup;
			children = (
				F6B9A79428184EE900136B1D /* Base */,
			);
			name = Main.storyboard;
			sourceTree = "<group>";
		};
		F6B9A79828184EEA00136B1D /* LaunchScreen.storyboard */ = {
			isa = PBXVariantGroup;
			children = (
				F6B9A79928184EEA00136B1D /* Base */,
			);
			name = LaunchScreen.storyboard;
			sourceTree = "<group>";
		};
/* End PBXVariantGroup section */

/* Begin XCBuildConfiguration section */
		F6B9A7B228184EEA00136B1D /* Debug */ = {
			isa = XCBuildConfiguration;
			buildSettings = {
				ALWAYS_SEARCH_USER_PATHS = NO;
				CLANG_ANALYZER_NONNULL = YES;
				CLANG_ANALYZER_NUMBER_OBJECT_CONVERSION = YES_AGGRESSIVE;
				CLANG_CXX_LANGUAGE_STANDARD = "gnu++17";
				CLANG_CXX_LIBRARY = "libc++";
				CLANG_ENABLE_MODULES = YES;
				CLANG_ENABLE_OBJC_ARC = YES;
				CLANG_ENABLE_OBJC_WEAK = YES;
				CLANG_WARN_BLOCK_CAPTURE_AUTORELEASING = YES;
				CLANG_WARN_BOOL_CONVERSION = YES;
				CLANG_WARN_COMMA = YES;
				CLANG_WARN_CONSTANT_CONVERSION = YES;
				CLANG_WARN_DEPRECATED_OBJC_IMPLEMENTATIONS = YES;
				CLANG_WARN_DIRECT_OBJC_ISA_USAGE = YES_ERROR;
				CLANG_WARN_DOCUMENTATION_COMMENTS = YES;
				CLANG_WARN_EMPTY_BODY = YES;
				CLANG_WARN_ENUM_CONVERSION = YES;
				CLANG_WARN_INFINITE_RECURSION = YES;
				CLANG_WARN_INT_CONVERSION = YES;
				CLANG_WARN_NON_LITERAL_NULL_CONVERSION = YES;
				CLANG_WARN_OBJC_IMPLICIT_RETAIN_SELF = YES;
				CLANG_WARN_OBJC_LITERAL_CONVERSION = YES;
				CLANG_WARN_OBJC_ROOT_CLASS = YES_ERROR;
				CLANG_WARN_QUOTED_INCLUDE_IN_FRAMEWORK_HEADER = YES;
				CLANG_WARN_RANGE_LOOP_ANALYSIS = YES;
				CLANG_WARN_STRICT_PROTOTYPES = YES;
				CLANG_WARN_SUSPICIOUS_MOVE = YES;
				CLANG_WARN_UNGUARDED_AVAILABILITY = YES_AGGRESSIVE;
				CLANG_WARN_UNREACHABLE_CODE = YES;
				CLANG_WARN__DUPLICATE_METHOD_MATCH = YES;
				COPY_PHASE_STRIP = NO;
				DEBUG_INFORMATION_FORMAT = dwarf;
				ENABLE_STRICT_OBJC_MSGSEND = YES;
				ENABLE_TESTABILITY = YES;
				GCC_C_LANGUAGE_STANDARD = gnu11;
				GCC_DYNAMIC_NO_PIC = NO;
				GCC_NO_COMMON_BLOCKS = YES;
				GCC_OPTIMIZATION_LEVEL = 0;
				GCC_PREPROCESSOR_DEFINITIONS = (
					"DEBUG=1",
					"$(inherited)",
				);
				GCC_WARN_64_TO_32_BIT_CONVERSION = YES;
				GCC_WARN_ABOUT_RETURN_TYPE = YES_ERROR;
				GCC_WARN_UNDECLARED_SELECTOR = YES;
				GCC_WARN_UNINITIALIZED_AUTOS = YES_AGGRESSIVE;
				GCC_WARN_UNUSED_FUNCTION = YES;
				GCC_WARN_UNUSED_VARIABLE = YES;
				IPHONEOS_DEPLOYMENT_TARGET = 15.2;
				MTL_ENABLE_DEBUG_INFO = INCLUDE_SOURCE;
				MTL_FAST_MATH = YES;
				ONLY_ACTIVE_ARCH = YES;
				SDKROOT = iphoneos;
				SWIFT_ACTIVE_COMPILATION_CONDITIONS = DEBUG;
				SWIFT_OPTIMIZATION_LEVEL = "-Onone";
			};
			name = Debug;
		};
		F6B9A7B328184EEA00136B1D /* Release */ = {
			isa = XCBuildConfiguration;
			buildSettings = {
				ALWAYS_SEARCH_USER_PATHS = NO;
				CLANG_ANALYZER_NONNULL = YES;
				CLANG_ANALYZER_NUMBER_OBJECT_CONVERSION = YES_AGGRESSIVE;
				CLANG_CXX_LANGUAGE_STANDARD = "gnu++17";
				CLANG_CXX_LIBRARY = "libc++";
				CLANG_ENABLE_MODULES = YES;
				CLANG_ENABLE_OBJC_ARC = YES;
				CLANG_ENABLE_OBJC_WEAK = YES;
				CLANG_WARN_BLOCK_CAPTURE_AUTORELEASING = YES;
				CLANG_WARN_BOOL_CONVERSION = YES;
				CLANG_WARN_COMMA = YES;
				CLANG_WARN_CONSTANT_CONVERSION = YES;
				CLANG_WARN_DEPRECATED_OBJC_IMPLEMENTATIONS = YES;
				CLANG_WARN_DIRECT_OBJC_ISA_USAGE = YES_ERROR;
				CLANG_WARN_DOCUMENTATION_COMMENTS = YES;
				CLANG_WARN_EMPTY_BODY = YES;
				CLANG_WARN_ENUM_CONVERSION = YES;
				CLANG_WARN_INFINITE_RECURSION = YES;
				CLANG_WARN_INT_CONVERSION = YES;
				CLANG_WARN_NON_LITERAL_NULL_CONVERSION = YES;
				CLANG_WARN_OBJC_IMPLICIT_RETAIN_SELF = YES;
				CLANG_WARN_OBJC_LITERAL_CONVERSION = YES;
				CLANG_WARN_OBJC_ROOT_CLASS = YES_ERROR;
				CLANG_WARN_QUOTED_INCLUDE_IN_FRAMEWORK_HEADER = YES;
				CLANG_WARN_RANGE_LOOP_ANALYSIS = YES;
				CLANG_WARN_STRICT_PROTOTYPES = YES;
				CLANG_WARN_SUSPICIOUS_MOVE = YES;
				CLANG_WARN_UNGUARDED_AVAILABILITY = YES_AGGRESSIVE;
				CLANG_WARN_UNREACHABLE_CODE = YES;
				CLANG_WARN__DUPLICATE_METHOD_MATCH = YES;
				COPY_PHASE_STRIP = NO;
				DEBUG_INFORMATION_FORMAT = "dwarf-with-dsym";
				ENABLE_NS_ASSERTIONS = NO;
				ENABLE_STRICT_OBJC_MSGSEND = YES;
				GCC_C_LANGUAGE_STANDARD = gnu11;
				GCC_NO_COMMON_BLOCKS = YES;
				GCC_WARN_64_TO_32_BIT_CONVERSION = YES;
				GCC_WARN_ABOUT_RETURN_TYPE = YES_ERROR;
				GCC_WARN_UNDECLARED_SELECTOR = YES;
				GCC_WARN_UNINITIALIZED_AUTOS = YES_AGGRESSIVE;
				GCC_WARN_UNUSED_FUNCTION = YES;
				GCC_WARN_UNUSED_VARIABLE = YES;
				IPHONEOS_DEPLOYMENT_TARGET = 15.2;
				MTL_ENABLE_DEBUG_INFO = NO;
				MTL_FAST_MATH = YES;
				SDKROOT = iphoneos;
				SWIFT_COMPILATION_MODE = wholemodule;
				SWIFT_OPTIMIZATION_LEVEL = "-O";
				VALIDATE_PRODUCT = YES;
			};
			name = Release;
		};
		F6B9A7B528184EEA00136B1D /* Debug */ = {
			isa = XCBuildConfiguration;
			buildSettings = {
				ASSETCATALOG_COMPILER_APPICON_NAME = AppIcon;
				ASSETCATALOG_COMPILER_GLOBAL_ACCENT_COLOR_NAME = AccentColor;
				CODE_SIGN_STYLE = Automatic;
				CURRENT_PROJECT_VERSION = 1;
				GENERATE_INFOPLIST_FILE = YES;
				INFOPLIST_FILE = Takkellapati_RestaurantApp/Info.plist;
				INFOPLIST_KEY_UIApplicationSupportsIndirectInputEvents = YES;
				INFOPLIST_KEY_UILaunchStoryboardName = LaunchScreen;
				INFOPLIST_KEY_UIMainStoryboardFile = Main;
				INFOPLIST_KEY_UISupportedInterfaceOrientations_iPad = "UIInterfaceOrientationPortrait UIInterfaceOrientationPortraitUpsideDown UIInterfaceOrientationLandscapeLeft UIInterfaceOrientationLandscapeRight";
				INFOPLIST_KEY_UISupportedInterfaceOrientations_iPhone = "UIInterfaceOrientationPortrait UIInterfaceOrientationLandscapeLeft UIInterfaceOrientationLandscapeRight";
				LD_RUNPATH_SEARCH_PATHS = (
					"$(inherited)",
					"@executable_path/Frameworks",
				);
				MARKETING_VERSION = 1.0;
				PRODUCT_BUNDLE_IDENTIFIER = "nwmsu.Takkellapati-RestaurantApp";
				PRODUCT_NAME = "$(TARGET_NAME)";
				SWIFT_EMIT_LOC_STRINGS = YES;
				SWIFT_VERSION = 5.0;
				TARGETED_DEVICE_FAMILY = "1,2";
			};
			name = Debug;
		};
		F6B9A7B628184EEA00136B1D /* Release */ = {
			isa = XCBuildConfiguration;
			buildSettings = {
				ASSETCATALOG_COMPILER_APPICON_NAME = AppIcon;
				ASSETCATALOG_COMPILER_GLOBAL_ACCENT_COLOR_NAME = AccentColor;
				CODE_SIGN_STYLE = Automatic;
				CURRENT_PROJECT_VERSION = 1;
				GENERATE_INFOPLIST_FILE = YES;
				INFOPLIST_FILE = Takkellapati_RestaurantApp/Info.plist;
				INFOPLIST_KEY_UIApplicationSupportsIndirectInputEvents = YES;
				INFOPLIST_KEY_UILaunchStoryboardName = LaunchScreen;
				INFOPLIST_KEY_UIMainStoryboardFile = Main;
				INFOPLIST_KEY_UISupportedInterfaceOrientations_iPad = "UIInterfaceOrientationPortrait UIInterfaceOrientationPortraitUpsideDown UIInterfaceOrientationLandscapeLeft UIInterfaceOrientationLandscapeRight";
				INFOPLIST_KEY_UISupportedInterfaceOrientations_iPhone = "UIInterfaceOrientationPortrait UIInterfaceOrientationLandscapeLeft UIInterfaceOrientationLandscapeRight";
				LD_RUNPATH_SEARCH_PATHS = (
					"$(inherited)",
					"@executable_path/Frameworks",
				);
				MARKETING_VERSION = 1.0;
				PRODUCT_BUNDLE_IDENTIFIER = "nwmsu.Takkellapati-RestaurantApp";
				PRODUCT_NAME = "$(TARGET_NAME)";
				SWIFT_EMIT_LOC_STRINGS = YES;
				SWIFT_VERSION = 5.0;
				TARGETED_DEVICE_FAMILY = "1,2";
			};
			name = Release;
		};
		F6B9A7B828184EEA00136B1D /* Debug */ = {
			isa = XCBuildConfiguration;
			buildSettings = {
				ALWAYS_EMBED_SWIFT_STANDARD_LIBRARIES = YES;
				BUNDLE_LOADER = "$(TEST_HOST)";
				CODE_SIGN_STYLE = Automatic;
				CURRENT_PROJECT_VERSION = 1;
				GENERATE_INFOPLIST_FILE = YES;
				IPHONEOS_DEPLOYMENT_TARGET = 15.2;
				MARKETING_VERSION = 1.0;
				PRODUCT_BUNDLE_IDENTIFIER = "nwmsu.Takkellapati-RestaurantAppTests";
				PRODUCT_NAME = "$(TARGET_NAME)";
				SWIFT_EMIT_LOC_STRINGS = NO;
				SWIFT_VERSION = 5.0;
				TARGETED_DEVICE_FAMILY = "1,2";
				TEST_HOST = "$(BUILT_PRODUCTS_DIR)/Takkellapati_RestaurantApp.app/Takkellapati_RestaurantApp";
			};
			name = Debug;
		};
		F6B9A7B928184EEA00136B1D /* Release */ = {
			isa = XCBuildConfiguration;
			buildSettings = {
				ALWAYS_EMBED_SWIFT_STANDARD_LIBRARIES = YES;
				BUNDLE_LOADER = "$(TEST_HOST)";
				CODE_SIGN_STYLE = Automatic;
				CURRENT_PROJECT_VERSION = 1;
				GENERATE_INFOPLIST_FILE = YES;
				IPHONEOS_DEPLOYMENT_TARGET = 15.2;
				MARKETING_VERSION = 1.0;
				PRODUCT_BUNDLE_IDENTIFIER = "nwmsu.Takkellapati-RestaurantAppTests";
				PRODUCT_NAME = "$(TARGET_NAME)";
				SWIFT_EMIT_LOC_STRINGS = NO;
				SWIFT_VERSION = 5.0;
				TARGETED_DEVICE_FAMILY = "1,2";
				TEST_HOST = "$(BUILT_PRODUCTS_DIR)/Takkellapati_RestaurantApp.app/Takkellapati_RestaurantApp";
			};
			name = Release;
		};
		F6B9A7BB28184EEA00136B1D /* Debug */ = {
			isa = XCBuildConfiguration;
			buildSettings = {
				ALWAYS_EMBED_SWIFT_STANDARD_LIBRARIES = YES;
				CODE_SIGN_STYLE = Automatic;
				CURRENT_PROJECT_VERSION = 1;
				GENERATE_INFOPLIST_FILE = YES;
				MARKETING_VERSION = 1.0;
				PRODUCT_BUNDLE_IDENTIFIER = "nwmsu.Takkellapati-RestaurantAppUITests";
				PRODUCT_NAME = "$(TARGET_NAME)";
				SWIFT_EMIT_LOC_STRINGS = NO;
				SWIFT_VERSION = 5.0;
				TARGETED_DEVICE_FAMILY = "1,2";
				TEST_TARGET_NAME = Takkellapati_RestaurantApp;
			};
			name = Debug;
		};
		F6B9A7BC28184EEA00136B1D /* Release */ = {
			isa = XCBuildConfiguration;
			buildSettings = {
				ALWAYS_EMBED_SWIFT_STANDARD_LIBRARIES = YES;
				CODE_SIGN_STYLE = Automatic;
				CURRENT_PROJECT_VERSION = 1;
				GENERATE_INFOPLIST_FILE = YES;
				MARKETING_VERSION = 1.0;
				PRODUCT_BUNDLE_IDENTIFIER = "nwmsu.Takkellapati-RestaurantAppUITests";
				PRODUCT_NAME = "$(TARGET_NAME)";
				SWIFT_EMIT_LOC_STRINGS = NO;
				SWIFT_VERSION = 5.0;
				TARGETED_DEVICE_FAMILY = "1,2";
				TEST_TARGET_NAME = Takkellapati_RestaurantApp;
			};
			name = Release;
		};
/* End XCBuildConfiguration section */

/* Begin XCConfigurationList section */
		F6B9A78528184EE800136B1D /* Build configuration list for PBXProject "Takkellapati_RestaurantApp" */ = {
			isa = XCConfigurationList;
			buildConfigurations = (
				F6B9A7B228184EEA00136B1D /* Debug */,
				F6B9A7B328184EEA00136B1D /* Release */,
			);
			defaultConfigurationIsVisible = 0;
			defaultConfigurationName = Release;
		};
		F6B9A7B428184EEA00136B1D /* Build configuration list for PBXNativeTarget "Takkellapati_RestaurantApp" */ = {
			isa = XCConfigurationList;
			buildConfigurations = (
				F6B9A7B528184EEA00136B1D /* Debug */,
				F6B9A7B628184EEA00136B1D /* Release */,
			);
			defaultConfigurationIsVisible = 0;
			defaultConfigurationName = Release;
		};
		F6B9A7B728184EEA00136B1D /* Build configuration list for PBXNativeTarget "Takkellapati_RestaurantAppTests" */ = {
			isa = XCConfigurationList;
			buildConfigurations = (
				F6B9A7B828184EEA00136B1D /* Debug */,
				F6B9A7B928184EEA00136B1D /* Release */,
			);
			defaultConfigurationIsVisible = 0;
			defaultConfigurationName = Release;
		};
		F6B9A7BA28184EEA00136B1D /* Build configuration list for PBXNativeTarget "Takkellapati_RestaurantAppUITests" */ = {
			isa = XCConfigurationList;
			buildConfigurations = (
				F6B9A7BB28184EEA00136B1D /* Debug */,
				F6B9A7BC28184EEA00136B1D /* Release */,
			);
			defaultConfigurationIsVisible = 0;
			defaultConfigurationName = Release;
		};
/* End XCConfigurationList section */
	};
	rootObject = F6B9A78228184EE800136B1D /* Project object */;
}
