// !$*UTF8*$!
{
	archiveVersion = 1;
	classes = {
	};
	objectVersion = 55;
	objects = {

/* Begin PBXBuildFile section */
		F6D4AD8227F366A6001D150B /* AppDelegate.swift in Sources */ = {isa = PBXBuildFile; fileRef = F6D4AD8127F366A6001D150B /* AppDelegate.swift */; };
		F6D4AD8427F366A6001D150B /* SceneDelegate.swift in Sources */ = {isa = PBXBuildFile; fileRef = F6D4AD8327F366A6001D150B /* SceneDelegate.swift */; };
		F6D4AD8627F366A6001D150B /* ViewController.swift in Sources */ = {isa = PBXBuildFile; fileRef = F6D4AD8527F366A6001D150B /* ViewController.swift */; };
		F6D4AD8927F366A6001D150B /* Main.storyboard in Resources */ = {isa = PBXBuildFile; fileRef = F6D4AD8727F366A6001D150B /* Main.storyboard */; };
		F6D4AD8B27F366A8001D150B /* Assets.xcassets in Resources */ = {isa = PBXBuildFile; fileRef = F6D4AD8A27F366A8001D150B /* Assets.xcassets */; };
		F6D4AD8E27F366A8001D150B /* LaunchScreen.storyboard in Resources */ = {isa = PBXBuildFile; fileRef = F6D4AD8C27F366A8001D150B /* LaunchScreen.storyboard */; };
		F6D4AD9927F366A8001D150B /* TableviewappTests.swift in Sources */ = {isa = PBXBuildFile; fileRef = F6D4AD9827F366A8001D150B /* TableviewappTests.swift */; };
		F6D4ADA327F366A8001D150B /* TableviewappUITests.swift in Sources */ = {isa = PBXBuildFile; fileRef = F6D4ADA227F366A8001D150B /* TableviewappUITests.swift */; };
		F6D4ADA527F366A8001D150B /* TableviewappUITestsLaunchTests.swift in Sources */ = {isa = PBXBuildFile; fileRef = F6D4ADA427F366A8001D150B /* TableviewappUITestsLaunchTests.swift */; };
		F6D4ADB227F36895001D150B /* DetailsViewController.swift in Sources */ = {isa = PBXBuildFile; fileRef = F6D4ADB127F36894001D150B /* DetailsViewController.swift */; };
/* End PBXBuildFile section */

/* Begin PBXContainerItemProxy section */
		F6D4AD9527F366A8001D150B /* PBXContainerItemProxy */ = {
			isa = PBXContainerItemProxy;
			containerPortal = F6D4AD7627F366A6001D150B /* Project object */;
			proxyType = 1;
			remoteGlobalIDString = F6D4AD7D27F366A6001D150B;
			remoteInfo = Tableviewapp;
		};
		F6D4AD9F27F366A8001D150B /* PBXContainerItemProxy */ = {
			isa = PBXContainerItemProxy;
			containerPortal = F6D4AD7627F366A6001D150B /* Project object */;
			proxyType = 1;
			remoteGlobalIDString = F6D4AD7D27F366A6001D150B;
			remoteInfo = Tableviewapp;
		};
/* End PBXContainerItemProxy section */

/* Begin PBXFileReference section */
		F6D4AD7E27F366A6001D150B /* Tableviewapp.app */ = {isa = PBXFileReference; explicitFileType = wrapper.application; includeInIndex = 0; path = Tableviewapp.app; sourceTree = BUILT_PRODUCTS_DIR; };
		F6D4AD8127F366A6001D150B /* AppDelegate.swift */ = {isa = PBXFileReference; lastKnownFileType = sourcecode.swift; path = AppDelegate.swift; sourceTree = "<group>"; };
		F6D4AD8327F366A6001D150B /* SceneDelegate.swift */ = {isa = PBXFileReference; lastKnownFileType = sourcecode.swift; path = SceneDelegate.swift; sourceTree = "<group>"; };
		F6D4AD8527F366A6001D150B /* ViewController.swift */ = {isa = PBXFileReference; lastKnownFileType = sourcecode.swift; path = ViewController.swift; sourceTree = "<group>"; };
		F6D4AD8827F366A6001D150B /* Base */ = {isa = PBXFileReference; lastKnownFileType = file.storyboard; name = Base; path = Base.lproj/Main.storyboard; sourceTree = "<group>"; };
		F6D4AD8A27F366A8001D150B /* Assets.xcassets */ = {isa = PBXFileReference; lastKnownFileType = folder.assetcatalog; path = Assets.xcassets; sourceTree = "<group>"; };
		F6D4AD8D27F366A8001D150B /* Base */ = {isa = PBXFileReference; lastKnownFileType = file.storyboard; name = Base; path = Base.lproj/LaunchScreen.storyboard; sourceTree = "<group>"; };
		F6D4AD8F27F366A8001D150B /* Info.plist */ = {isa = PBXFileReference; lastKnownFileType = text.plist.xml; path = Info.plist; sourceTree = "<group>"; };
		F6D4AD9427F366A8001D150B /* TableviewappTests.xctest */ = {isa = PBXFileReference; explicitFileType = wrapper.cfbundle; includeInIndex = 0; path = TableviewappTests.xctest; sourceTree = BUILT_PRODUCTS_DIR; };
		F6D4AD9827F366A8001D150B /* TableviewappTests.swift */ = {isa = PBXFileReference; lastKnownFileType = sourcecode.swift; path = TableviewappTests.swift; sourceTree = "<group>"; };
		F6D4AD9E27F366A8001D150B /* TableviewappUITests.xctest */ = {isa = PBXFileReference; explicitFileType = wrapper.cfbundle; includeInIndex = 0; path = TableviewappUITests.xctest; sourceTree = BUILT_PRODUCTS_DIR; };
		F6D4ADA227F366A8001D150B /* TableviewappUITests.swift */ = {isa = PBXFileReference; lastKnownFileType = sourcecode.swift; path = TableviewappUITests.swift; sourceTree = "<group>"; };
		F6D4ADA427F366A8001D150B /* TableviewappUITestsLaunchTests.swift */ = {isa = PBXFileReference; lastKnownFileType = sourcecode.swift; path = TableviewappUITestsLaunchTests.swift; sourceTree = "<group>"; };
		F6D4ADB127F36894001D150B /* DetailsViewController.swift */ = {isa = PBXFileReference; lastKnownFileType = sourcecode.swift; path = DetailsViewController.swift; sourceTree = "<group>"; };
/* End PBXFileReference section */

/* Begin PBXFrameworksBuildPhase section */
		F6D4AD7B27F366A6001D150B /* Frameworks */ = {
			isa = PBXFrameworksBuildPhase;
			buildActionMask = 2147483647;
			files = (
			);
			runOnlyForDeploymentPostprocessing = 0;
		};
		F6D4AD9127F366A8001D150B /* Frameworks */ = {
			isa = PBXFrameworksBuildPhase;
			buildActionMask = 2147483647;
			files = (
			);
			runOnlyForDeploymentPostprocessing = 0;
		};
		F6D4AD9B27F366A8001D150B /* Frameworks */ = {
			isa = PBXFrameworksBuildPhase;
			buildActionMask = 2147483647;
			files = (
			);
			runOnlyForDeploymentPostprocessing = 0;
		};
/* End PBXFrameworksBuildPhase section */

/* Begin PBXGroup section */
		F6D4AD7527F366A6001D150B = {
			isa = PBXGroup;
			children = (
				F6D4AD8027F366A6001D150B /* Tableviewapp */,
				F6D4AD9727F366A8001D150B /* TableviewappTests */,
				F6D4ADA127F366A8001D150B /* TableviewappUITests */,
				F6D4AD7F27F366A6001D150B /* Products */,
			);
			sourceTree = "<group>";
		};
		F6D4AD7F27F366A6001D150B /* Products */ = {
			isa = PBXGroup;
			children = (
				F6D4AD7E27F366A6001D150B /* Tableviewapp.app */,
				F6D4AD9427F366A8001D150B /* TableviewappTests.xctest */,
				F6D4AD9E27F366A8001D150B /* TableviewappUITests.xctest */,
			);
			name = Products;
			sourceTree = "<group>";
		};
		F6D4AD8027F366A6001D150B /* Tableviewapp */ = {
			isa = PBXGroup;
			children = (
				F6D4AD8127F366A6001D150B /* AppDelegate.swift */,
				F6D4AD8327F366A6001D150B /* SceneDelegate.swift */,
				F6D4AD8527F366A6001D150B /* ViewController.swift */,
				F6D4AD8727F366A6001D150B /* Main.storyboard */,
				F6D4AD8A27F366A8001D150B /* Assets.xcassets */,
				F6D4AD8C27F366A8001D150B /* LaunchScreen.storyboard */,
				F6D4AD8F27F366A8001D150B /* Info.plist */,
				F6D4ADB127F36894001D150B /* DetailsViewController.swift */,
			);
			path = Tableviewapp;
			sourceTree = "<group>";
		};
		F6D4AD9727F366A8001D150B /* TableviewappTests */ = {
			isa = PBXGroup;
			children = (
				F6D4AD9827F366A8001D150B /* TableviewappTests.swift */,
			);
			path = TableviewappTests;
			sourceTree = "<group>";
		};
		F6D4ADA127F366A8001D150B /* TableviewappUITests */ = {
			isa = PBXGroup;
			children = (
				F6D4ADA227F366A8001D150B /* TableviewappUITests.swift */,
				F6D4ADA427F366A8001D150B /* TableviewappUITestsLaunchTests.swift */,
			);
			path = TableviewappUITests;
			sourceTree = "<group>";
		};
/* End PBXGroup section */

/* Begin PBXNativeTarget section */
		F6D4AD7D27F366A6001D150B /* Tableviewapp */ = {
			isa = PBXNativeTarget;
			buildConfigurationList = F6D4ADA827F366A8001D150B /* Build configuration list for PBXNativeTarget "Tableviewapp" */;
			buildPhases = (
				F6D4AD7A27F366A6001D150B /* Sources */,
				F6D4AD7B27F366A6001D150B /* Frameworks */,
				F6D4AD7C27F366A6001D150B /* Resources */,
			);
			buildRules = (
			);
			dependencies = (
			);
			name = Tableviewapp;
			productName = Tableviewapp;
			productReference = F6D4AD7E27F366A6001D150B /* Tableviewapp.app */;
			productType = "com.apple.product-type.application";
		};
		F6D4AD9327F366A8001D150B /* TableviewappTests */ = {
			isa = PBXNativeTarget;
			buildConfigurationList = F6D4ADAB27F366A8001D150B /* Build configuration list for PBXNativeTarget "TableviewappTests" */;
			buildPhases = (
				F6D4AD9027F366A8001D150B /* Sources */,
				F6D4AD9127F366A8001D150B /* Frameworks */,
				F6D4AD9227F366A8001D150B /* Resources */,
			);
			buildRules = (
			);
			dependencies = (
				F6D4AD9627F366A8001D150B /* PBXTargetDependency */,
			);
			name = TableviewappTests;
			productName = TableviewappTests;
			productReference = F6D4AD9427F366A8001D150B /* TableviewappTests.xctest */;
			productType = "com.apple.product-type.bundle.unit-test";
		};
		F6D4AD9D27F366A8001D150B /* TableviewappUITests */ = {
			isa = PBXNativeTarget;
			buildConfigurationList = F6D4ADAE27F366A8001D150B /* Build configuration list for PBXNativeTarget "TableviewappUITests" */;
			buildPhases = (
				F6D4AD9A27F366A8001D150B /* Sources */,
				F6D4AD9B27F366A8001D150B /* Frameworks */,
				F6D4AD9C27F366A8001D150B /* Resources */,
			);
			buildRules = (
			);
			dependencies = (
				F6D4ADA027F366A8001D150B /* PBXTargetDependency */,
			);
			name = TableviewappUITests;
			productName = TableviewappUITests;
			productReference = F6D4AD9E27F366A8001D150B /* TableviewappUITests.xctest */;
			productType = "com.apple.product-type.bundle.ui-testing";
		};
/* End PBXNativeTarget section */

/* Begin PBXProject section */
		F6D4AD7627F366A6001D150B /* Project object */ = {
			isa = PBXProject;
			attributes = {
				BuildIndependentTargetsInParallel = 1;
				LastSwiftUpdateCheck = 1320;
				LastUpgradeCheck = 1320;
				TargetAttributes = {
					F6D4AD7D27F366A6001D150B = {
						CreatedOnToolsVersion = 13.2.1;
					};
					F6D4AD9327F366A8001D150B = {
						CreatedOnToolsVersion = 13.2.1;
						TestTargetID = F6D4AD7D27F366A6001D150B;
					};
					F6D4AD9D27F366A8001D150B = {
						CreatedOnToolsVersion = 13.2.1;
						TestTargetID = F6D4AD7D27F366A6001D150B;
					};
				};
			};
			buildConfigurationList = F6D4AD7927F366A6001D150B /* Build configuration list for PBXProject "Tableviewapp" */;
			compatibilityVersion = "Xcode 13.0";
			developmentRegion = en;
			hasScannedForEncodings = 0;
			knownRegions = (
				en,
				Base,
			);
			mainGroup = F6D4AD7527F366A6001D150B;
			productRefGroup = F6D4AD7F27F366A6001D150B /* Products */;
			projectDirPath = "";
			projectRoot = "";
			targets = (
				F6D4AD7D27F366A6001D150B /* Tableviewapp */,
				F6D4AD9327F366A8001D150B /* TableviewappTests */,
				F6D4AD9D27F366A8001D150B /* TableviewappUITests */,
			);
		};
/* End PBXProject section */

/* Begin PBXResourcesBuildPhase section */
		F6D4AD7C27F366A6001D150B /* Resources */ = {
			isa = PBXResourcesBuildPhase;
			buildActionMask = 2147483647;
			files = (
				F6D4AD8E27F366A8001D150B /* LaunchScreen.storyboard in Resources */,
				F6D4AD8B27F366A8001D150B /* Assets.xcassets in Resources */,
				F6D4AD8927F366A6001D150B /* Main.storyboard in Resources */,
			);
			runOnlyForDeploymentPostprocessing = 0;
		};
		F6D4AD9227F366A8001D150B /* Resources */ = {
			isa = PBXResourcesBuildPhase;
			buildActionMask = 2147483647;
			files = (
			);
			runOnlyForDeploymentPostprocessing = 0;
		};
		F6D4AD9C27F366A8001D150B /* Resources */ = {
			isa = PBXResourcesBuildPhase;
			buildActionMask = 2147483647;
			files = (
			);
			runOnlyForDeploymentPostprocessing = 0;
		};
/* End PBXResourcesBuildPhase section */

/* Begin PBXSourcesBuildPhase section */
		F6D4AD7A27F366A6001D150B /* Sources */ = {
			isa = PBXSourcesBuildPhase;
			buildActionMask = 2147483647;
			files = (
				F6D4AD8627F366A6001D150B /* ViewController.swift in Sources */,
				F6D4AD8227F366A6001D150B /* AppDelegate.swift in Sources */,
				F6D4AD8427F366A6001D150B /* SceneDelegate.swift in Sources */,
				F6D4ADB227F36895001D150B /* DetailsViewController.swift in Sources */,
			);
			runOnlyForDeploymentPostprocessing = 0;
		};
		F6D4AD9027F366A8001D150B /* Sources */ = {
			isa = PBXSourcesBuildPhase;
			buildActionMask = 2147483647;
			files = (
				F6D4AD9927F366A8001D150B /* TableviewappTests.swift in Sources */,
			);
			runOnlyForDeploymentPostprocessing = 0;
		};
		F6D4AD9A27F366A8001D150B /* Sources */ = {
			isa = PBXSourcesBuildPhase;
			buildActionMask = 2147483647;
			files = (
				F6D4ADA527F366A8001D150B /* TableviewappUITestsLaunchTests.swift in Sources */,
				F6D4ADA327F366A8001D150B /* TableviewappUITests.swift in Sources */,
			);
			runOnlyForDeploymentPostprocessing = 0;
		};
/* End PBXSourcesBuildPhase section */

/* Begin PBXTargetDependency section */
		F6D4AD9627F366A8001D150B /* PBXTargetDependency */ = {
			isa = PBXTargetDependency;
			target = F6D4AD7D27F366A6001D150B /* Tableviewapp */;
			targetProxy = F6D4AD9527F366A8001D150B /* PBXContainerItemProxy */;
		};
		F6D4ADA027F366A8001D150B /* PBXTargetDependency */ = {
			isa = PBXTargetDependency;
			target = F6D4AD7D27F366A6001D150B /* Tableviewapp */;
			targetProxy = F6D4AD9F27F366A8001D150B /* PBXContainerItemProxy */;
		};
/* End PBXTargetDependency section */

/* Begin PBXVariantGroup section */
		F6D4AD8727F366A6001D150B /* Main.storyboard */ = {
			isa = PBXVariantGroup;
			children = (
				F6D4AD8827F366A6001D150B /* Base */,
			);
			name = Main.storyboard;
			sourceTree = "<group>";
		};
		F6D4AD8C27F366A8001D150B /* LaunchScreen.storyboard */ = {
			isa = PBXVariantGroup;
			children = (
				F6D4AD8D27F366A8001D150B /* Base */,
			);
			name = LaunchScreen.storyboard;
			sourceTree = "<group>";
		};
/* End PBXVariantGroup section */

/* Begin XCBuildConfiguration section */
		F6D4ADA627F366A8001D150B /* Debug */ = {
			isa = XCBuildConfiguration;
			buildSettings = {
				ALWAYS_SEARCH_USER_PATHS = NO;
				CLANG_ANALYZER_NONNULL = YES;
				CLANG_ANALYZER_NUMBER_OBJECT_CONVERSION = YES_AGGRESSIVE;
				CLANG_CXX_LANGUAGE_STANDARD = "gnu++17";
				CLANG_CXX_LIBRARY = "libc++";
				CLANG_ENABLE_MODULES = YES;
				CLANG_ENABLE_OBJC_ARC = YES;
				CLANG_ENABLE_OBJC_WEAK = YES;
				CLANG_WARN_BLOCK_CAPTURE_AUTORELEASING = YES;
				CLANG_WARN_BOOL_CONVERSION = YES;
				CLANG_WARN_COMMA = YES;
				CLANG_WARN_CONSTANT_CONVERSION = YES;
				CLANG_WARN_DEPRECATED_OBJC_IMPLEMENTATIONS = YES;
				CLANG_WARN_DIRECT_OBJC_ISA_USAGE = YES_ERROR;
				CLANG_WARN_DOCUMENTATION_COMMENTS = YES;
				CLANG_WARN_EMPTY_BODY = YES;
				CLANG_WARN_ENUM_CONVERSION = YES;
				CLANG_WARN_INFINITE_RECURSION = YES;
				CLANG_WARN_INT_CONVERSION = YES;
				CLANG_WARN_NON_LITERAL_NULL_CONVERSION = YES;
				CLANG_WARN_OBJC_IMPLICIT_RETAIN_SELF = YES;
				CLANG_WARN_OBJC_LITERAL_CONVERSION = YES;
				CLANG_WARN_OBJC_ROOT_CLASS = YES_ERROR;
				CLANG_WARN_QUOTED_INCLUDE_IN_FRAMEWORK_HEADER = YES;
				CLANG_WARN_RANGE_LOOP_ANALYSIS = YES;
				CLANG_WARN_STRICT_PROTOTYPES = YES;
				CLANG_WARN_SUSPICIOUS_MOVE = YES;
				CLANG_WARN_UNGUARDED_AVAILABILITY = YES_AGGRESSIVE;
				CLANG_WARN_UNREACHABLE_CODE = YES;
				CLANG_WARN__DUPLICATE_METHOD_MATCH = YES;
				COPY_PHASE_STRIP = NO;
				DEBUG_INFORMATION_FORMAT = dwarf;
				ENABLE_STRICT_OBJC_MSGSEND = YES;
				ENABLE_TESTABILITY = YES;
				GCC_C_LANGUAGE_STANDARD = gnu11;
				GCC_DYNAMIC_NO_PIC = NO;
				GCC_NO_COMMON_BLOCKS = YES;
				GCC_OPTIMIZATION_LEVEL = 0;
				GCC_PREPROCESSOR_DEFINITIONS = (
					"DEBUG=1",
					"$(inherited)",
				);
				GCC_WARN_64_TO_32_BIT_CONVERSION = YES;
				GCC_WARN_ABOUT_RETURN_TYPE = YES_ERROR;
				GCC_WARN_UNDECLARED_SELECTOR = YES;
				GCC_WARN_UNINITIALIZED_AUTOS = YES_AGGRESSIVE;
				GCC_WARN_UNUSED_FUNCTION = YES;
				GCC_WARN_UNUSED_VARIABLE = YES;
				IPHONEOS_DEPLOYMENT_TARGET = 15.2;
				MTL_ENABLE_DEBUG_INFO = INCLUDE_SOURCE;
				MTL_FAST_MATH = YES;
				ONLY_ACTIVE_ARCH = YES;
				SDKROOT = iphoneos;
				SWIFT_ACTIVE_COMPILATION_CONDITIONS = DEBUG;
				SWIFT_OPTIMIZATION_LEVEL = "-Onone";
			};
			name = Debug;
		};
		F6D4ADA727F366A8001D150B /* Release */ = {
			isa = XCBuildConfiguration;
			buildSettings = {
				ALWAYS_SEARCH_USER_PATHS = NO;
				CLANG_ANALYZER_NONNULL = YES;
				CLANG_ANALYZER_NUMBER_OBJECT_CONVERSION = YES_AGGRESSIVE;
				CLANG_CXX_LANGUAGE_STANDARD = "gnu++17";
				CLANG_CXX_LIBRARY = "libc++";
				CLANG_ENABLE_MODULES = YES;
				CLANG_ENABLE_OBJC_ARC = YES;
				CLANG_ENABLE_OBJC_WEAK = YES;
				CLANG_WARN_BLOCK_CAPTURE_AUTORELEASING = YES;
				CLANG_WARN_BOOL_CONVERSION = YES;
				CLANG_WARN_COMMA = YES;
				CLANG_WARN_CONSTANT_CONVERSION = YES;
				CLANG_WARN_DEPRECATED_OBJC_IMPLEMENTATIONS = YES;
				CLANG_WARN_DIRECT_OBJC_ISA_USAGE = YES_ERROR;
				CLANG_WARN_DOCUMENTATION_COMMENTS = YES;
				CLANG_WARN_EMPTY_BODY = YES;
				CLANG_WARN_ENUM_CONVERSION = YES;
				CLANG_WARN_INFINITE_RECURSION = YES;
				CLANG_WARN_INT_CONVERSION = YES;
				CLANG_WARN_NON_LITERAL_NULL_CONVERSION = YES;
				CLANG_WARN_OBJC_IMPLICIT_RETAIN_SELF = YES;
				CLANG_WARN_OBJC_LITERAL_CONVERSION = YES;
				CLANG_WARN_OBJC_ROOT_CLASS = YES_ERROR;
				CLANG_WARN_QUOTED_INCLUDE_IN_FRAMEWORK_HEADER = YES;
				CLANG_WARN_RANGE_LOOP_ANALYSIS = YES;
				CLANG_WARN_STRICT_PROTOTYPES = YES;
				CLANG_WARN_SUSPICIOUS_MOVE = YES;
				CLANG_WARN_UNGUARDED_AVAILABILITY = YES_AGGRESSIVE;
				CLANG_WARN_UNREACHABLE_CODE = YES;
				CLANG_WARN__DUPLICATE_METHOD_MATCH = YES;
				COPY_PHASE_STRIP = NO;
				DEBUG_INFORMATION_FORMAT = "dwarf-with-dsym";
				ENABLE_NS_ASSERTIONS = NO;
				ENABLE_STRICT_OBJC_MSGSEND = YES;
				GCC_C_LANGUAGE_STANDARD = gnu11;
				GCC_NO_COMMON_BLOCKS = YES;
				GCC_WARN_64_TO_32_BIT_CONVERSION = YES;
				GCC_WARN_ABOUT_RETURN_TYPE = YES_ERROR;
				GCC_WARN_UNDECLARED_SELECTOR = YES;
				GCC_WARN_UNINITIALIZED_AUTOS = YES_AGGRESSIVE;
				GCC_WARN_UNUSED_FUNCTION = YES;
				GCC_WARN_UNUSED_VARIABLE = YES;
				IPHONEOS_DEPLOYMENT_TARGET = 15.2;
				MTL_ENABLE_DEBUG_INFO = NO;
				MTL_FAST_MATH = YES;
				SDKROOT = iphoneos;
				SWIFT_COMPILATION_MODE = wholemodule;
				SWIFT_OPTIMIZATION_LEVEL = "-O";
				VALIDATE_PRODUCT = YES;
			};
			name = Release;
		};
		F6D4ADA927F366A8001D150B /* Debug */ = {
			isa = XCBuildConfiguration;
			buildSettings = {
				ASSETCATALOG_COMPILER_APPICON_NAME = AppIcon;
				ASSETCATALOG_COMPILER_GLOBAL_ACCENT_COLOR_NAME = AccentColor;
				CODE_SIGN_STYLE = Automatic;
				CURRENT_PROJECT_VERSION = 1;
				GENERATE_INFOPLIST_FILE = YES;
				INFOPLIST_FILE = Tableviewapp/Info.plist;
				INFOPLIST_KEY_UIApplicationSupportsIndirectInputEvents = YES;
				INFOPLIST_KEY_UILaunchStoryboardName = LaunchScreen;
				INFOPLIST_KEY_UIMainStoryboardFile = Main;
				INFOPLIST_KEY_UISupportedInterfaceOrientations_iPad = "UIInterfaceOrientationPortrait UIInterfaceOrientationPortraitUpsideDown UIInterfaceOrientationLandscapeLeft UIInterfaceOrientationLandscapeRight";
				INFOPLIST_KEY_UISupportedInterfaceOrientations_iPhone = "UIInterfaceOrientationPortrait UIInterfaceOrientationLandscapeLeft UIInterfaceOrientationLandscapeRight";
				LD_RUNPATH_SEARCH_PATHS = (
					"$(inherited)",
					"@executable_path/Frameworks",
				);
				MARKETING_VERSION = 1.0;
				PRODUCT_BUNDLE_IDENTIFIER = nwmsu.Tableviewapp;
				PRODUCT_NAME = "$(TARGET_NAME)";
				SWIFT_EMIT_LOC_STRINGS = YES;
				SWIFT_VERSION = 5.0;
				TARGETED_DEVICE_FAMILY = "1,2";
			};
			name = Debug;
		};
		F6D4ADAA27F366A8001D150B /* Release */ = {
			isa = XCBuildConfiguration;
			buildSettings = {
				ASSETCATALOG_COMPILER_APPICON_NAME = AppIcon;
				ASSETCATALOG_COMPILER_GLOBAL_ACCENT_COLOR_NAME = AccentColor;
				CODE_SIGN_STYLE = Automatic;
				CURRENT_PROJECT_VERSION = 1;
				GENERATE_INFOPLIST_FILE = YES;
				INFOPLIST_FILE = Tableviewapp/Info.plist;
				INFOPLIST_KEY_UIApplicationSupportsIndirectInputEvents = YES;
				INFOPLIST_KEY_UILaunchStoryboardName = LaunchScreen;
				INFOPLIST_KEY_UIMainStoryboardFile = Main;
				INFOPLIST_KEY_UISupportedInterfaceOrientations_iPad = "UIInterfaceOrientationPortrait UIInterfaceOrientationPortraitUpsideDown UIInterfaceOrientationLandscapeLeft UIInterfaceOrientationLandscapeRight";
				INFOPLIST_KEY_UISupportedInterfaceOrientations_iPhone = "UIInterfaceOrientationPortrait UIInterfaceOrientationLandscapeLeft UIInterfaceOrientationLandscapeRight";
				LD_RUNPATH_SEARCH_PATHS = (
					"$(inherited)",
					"@executable_path/Frameworks",
				);
				MARKETING_VERSION = 1.0;
				PRODUCT_BUNDLE_IDENTIFIER = nwmsu.Tableviewapp;
				PRODUCT_NAME = "$(TARGET_NAME)";
				SWIFT_EMIT_LOC_STRINGS = YES;
				SWIFT_VERSION = 5.0;
				TARGETED_DEVICE_FAMILY = "1,2";
			};
			name = Release;
		};
		F6D4ADAC27F366A8001D150B /* Debug */ = {
			isa = XCBuildConfiguration;
			buildSettings = {
				ALWAYS_EMBED_SWIFT_STANDARD_LIBRARIES = YES;
				BUNDLE_LOADER = "$(TEST_HOST)";
				CODE_SIGN_STYLE = Automatic;
				CURRENT_PROJECT_VERSION = 1;
				GENERATE_INFOPLIST_FILE = YES;
				IPHONEOS_DEPLOYMENT_TARGET = 15.2;
				MARKETING_VERSION = 1.0;
				PRODUCT_BUNDLE_IDENTIFIER = nwmsu.TableviewappTests;
				PRODUCT_NAME = "$(TARGET_NAME)";
				SWIFT_EMIT_LOC_STRINGS = NO;
				SWIFT_VERSION = 5.0;
				TARGETED_DEVICE_FAMILY = "1,2";
				TEST_HOST = "$(BUILT_PRODUCTS_DIR)/Tableviewapp.app/Tableviewapp";
			};
			name = Debug;
		};
		F6D4ADAD27F366A8001D150B /* Release */ = {
			isa = XCBuildConfiguration;
			buildSettings = {
				ALWAYS_EMBED_SWIFT_STANDARD_LIBRARIES = YES;
				BUNDLE_LOADER = "$(TEST_HOST)";
				CODE_SIGN_STYLE = Automatic;
				CURRENT_PROJECT_VERSION = 1;
				GENERATE_INFOPLIST_FILE = YES;
				IPHONEOS_DEPLOYMENT_TARGET = 15.2;
				MARKETING_VERSION = 1.0;
				PRODUCT_BUNDLE_IDENTIFIER = nwmsu.TableviewappTests;
				PRODUCT_NAME = "$(TARGET_NAME)";
				SWIFT_EMIT_LOC_STRINGS = NO;
				SWIFT_VERSION = 5.0;
				TARGETED_DEVICE_FAMILY = "1,2";
				TEST_HOST = "$(BUILT_PRODUCTS_DIR)/Tableviewapp.app/Tableviewapp";
			};
			name = Release;
		};
		F6D4ADAF27F366A8001D150B /* Debug */ = {
			isa = XCBuildConfiguration;
			buildSettings = {
				ALWAYS_EMBED_SWIFT_STANDARD_LIBRARIES = YES;
				CODE_SIGN_STYLE = Automatic;
				CURRENT_PROJECT_VERSION = 1;
				GENERATE_INFOPLIST_FILE = YES;
				MARKETING_VERSION = 1.0;
				PRODUCT_BUNDLE_IDENTIFIER = nwmsu.TableviewappUITests;
				PRODUCT_NAME = "$(TARGET_NAME)";
				SWIFT_EMIT_LOC_STRINGS = NO;
				SWIFT_VERSION = 5.0;
				TARGETED_DEVICE_FAMILY = "1,2";
				TEST_TARGET_NAME = Tableviewapp;
			};
			name = Debug;
		};
		F6D4ADB027F366A8001D150B /* Release */ = {
			isa = XCBuildConfiguration;
			buildSettings = {
				ALWAYS_EMBED_SWIFT_STANDARD_LIBRARIES = YES;
				CODE_SIGN_STYLE = Automatic;
				CURRENT_PROJECT_VERSION = 1;
				GENERATE_INFOPLIST_FILE = YES;
				MARKETING_VERSION = 1.0;
				PRODUCT_BUNDLE_IDENTIFIER = nwmsu.TableviewappUITests;
				PRODUCT_NAME = "$(TARGET_NAME)";
				SWIFT_EMIT_LOC_STRINGS = NO;
				SWIFT_VERSION = 5.0;
				TARGETED_DEVICE_FAMILY = "1,2";
				TEST_TARGET_NAME = Tableviewapp;
			};
			name = Release;
		};
/* End XCBuildConfiguration section */

/* Begin XCConfigurationList section */
		F6D4AD7927F366A6001D150B /* Build configuration list for PBXProject "Tableviewapp" */ = {
			isa = XCConfigurationList;
			buildConfigurations = (
				F6D4ADA627F366A8001D150B /* Debug */,
				F6D4ADA727F366A8001D150B /* Release */,
			);
			defaultConfigurationIsVisible = 0;
			defaultConfigurationName = Release;
		};
		F6D4ADA827F366A8001D150B /* Build configuration list for PBXNativeTarget "Tableviewapp" */ = {
			isa = XCConfigurationList;
			buildConfigurations = (
				F6D4ADA927F366A8001D150B /* Debug */,
				F6D4ADAA27F366A8001D150B /* Release */,
			);
			defaultConfigurationIsVisible = 0;
			defaultConfigurationName = Release;
		};
		F6D4ADAB27F366A8001D150B /* Build configuration list for PBXNativeTarget "TableviewappTests" */ = {
			isa = XCConfigurationList;
			buildConfigurations = (
				F6D4ADAC27F366A8001D150B /* Debug */,
				F6D4ADAD27F366A8001D150B /* Release */,
			);
			defaultConfigurationIsVisible = 0;
			defaultConfigurationName = Release;
		};
		F6D4ADAE27F366A8001D150B /* Build configuration list for PBXNativeTarget "TableviewappUITests" */ = {
			isa = XCConfigurationList;
			buildConfigurations = (
				F6D4ADAF27F366A8001D150B /* Debug */,
				F6D4ADB027F366A8001D150B /* Release */,
			);
			defaultConfigurationIsVisible = 0;
			defaultConfigurationName = Release;
		};
/* End XCConfigurationList section */
	};
	rootObject = F6D4AD7627F366A6001D150B /* Project object */;
}
