// !$*UTF8*$!
{
	archiveVersion = 1;
	classes = {
	};
	objectVersion = 55;
	objects = {

/* Begin PBXBuildFile section */
		F6A979822805F13400283A62 /* AppDelegate.swift in Sources */ = {isa = PBXBuildFile; fileRef = F6A979812805F13400283A62 /* AppDelegate.swift */; };
		F6A979842805F13400283A62 /* SceneDelegate.swift in Sources */ = {isa = PBXBuildFile; fileRef = F6A979832805F13400283A62 /* SceneDelegate.swift */; };
		F6A979862805F13400283A62 /* GrocerySectionsViewController.swift in Sources */ = {isa = PBXBuildFile; fileRef = F6A979852805F13400283A62 /* GrocerySectionsViewController.swift */; };
		F6A979892805F13400283A62 /* Main.storyboard in Resources */ = {isa = PBXBuildFile; fileRef = F6A979872805F13400283A62 /* Main.storyboard */; };
		F6A9798B2805F13600283A62 /* Assets.xcassets in Resources */ = {isa = PBXBuildFile; fileRef = F6A9798A2805F13600283A62 /* Assets.xcassets */; };
		F6A9798E2805F13600283A62 /* LaunchScreen.storyboard in Resources */ = {isa = PBXBuildFile; fileRef = F6A9798C2805F13600283A62 /* LaunchScreen.storyboard */; };
		F6A979992805F13700283A62 /* Takkellapati_GroceryAppTests.swift in Sources */ = {isa = PBXBuildFile; fileRef = F6A979982805F13700283A62 /* Takkellapati_GroceryAppTests.swift */; };
		F6A979A32805F13700283A62 /* Takkellapati_GroceryAppUITests.swift in Sources */ = {isa = PBXBuildFile; fileRef = F6A979A22805F13700283A62 /* Takkellapati_GroceryAppUITests.swift */; };
		F6A979A52805F13700283A62 /* Takkellapati_GroceryAppUITestsLaunchTests.swift in Sources */ = {isa = PBXBuildFile; fileRef = F6A979A42805F13700283A62 /* Takkellapati_GroceryAppUITestsLaunchTests.swift */; };
		F6A979B42805F21D00283A62 /* GrocerySection.swift in Sources */ = {isa = PBXBuildFile; fileRef = F6A979B32805F21D00283A62 /* GrocerySection.swift */; };
		F6A979B62805F36100283A62 /* GroceryItemsViewController.swift in Sources */ = {isa = PBXBuildFile; fileRef = F6A979B52805F36000283A62 /* GroceryItemsViewController.swift */; };
		F6A979B82805F37600283A62 /* ItemsInfoViewController.swift in Sources */ = {isa = PBXBuildFile; fileRef = F6A979B72805F37600283A62 /* ItemsInfoViewController.swift */; };
/* End PBXBuildFile section */

/* Begin PBXContainerItemProxy section */
		F6A979952805F13700283A62 /* PBXContainerItemProxy */ = {
			isa = PBXContainerItemProxy;
			containerPortal = F6A979762805F13400283A62 /* Project object */;
			proxyType = 1;
			remoteGlobalIDString = F6A9797D2805F13400283A62;
			remoteInfo = Takkellapati_GroceryApp;
		};
		F6A9799F2805F13700283A62 /* PBXContainerItemProxy */ = {
			isa = PBXContainerItemProxy;
			containerPortal = F6A979762805F13400283A62 /* Project object */;
			proxyType = 1;
			remoteGlobalIDString = F6A9797D2805F13400283A62;
			remoteInfo = Takkellapati_GroceryApp;
		};
/* End PBXContainerItemProxy section */

/* Begin PBXFileReference section */
		F6A9797E2805F13400283A62 /* Takkellapati_GroceryApp.app */ = {isa = PBXFileReference; explicitFileType = wrapper.application; includeInIndex = 0; path = Takkellapati_GroceryApp.app; sourceTree = BUILT_PRODUCTS_DIR; };
		F6A979812805F13400283A62 /* AppDelegate.swift */ = {isa = PBXFileReference; lastKnownFileType = sourcecode.swift; path = AppDelegate.swift; sourceTree = "<group>"; };
		F6A979832805F13400283A62 /* SceneDelegate.swift */ = {isa = PBXFileReference; lastKnownFileType = sourcecode.swift; path = SceneDelegate.swift; sourceTree = "<group>"; };
		F6A979852805F13400283A62 /* GrocerySectionsViewController.swift */ = {isa = PBXFileReference; lastKnownFileType = sourcecode.swift; path = GrocerySectionsViewController.swift; sourceTree = "<group>"; };
		F6A979882805F13400283A62 /* Base */ = {isa = PBXFileReference; lastKnownFileType = file.storyboard; name = Base; path = Base.lproj/Main.storyboard; sourceTree = "<group>"; };
		F6A9798A2805F13600283A62 /* Assets.xcassets */ = {isa = PBXFileReference; lastKnownFileType = folder.assetcatalog; path = Assets.xcassets; sourceTree = "<group>"; };
		F6A9798D2805F13600283A62 /* Base */ = {isa = PBXFileReference; lastKnownFileType = file.storyboard; name = Base; path = Base.lproj/LaunchScreen.storyboard; sourceTree = "<group>"; };
		F6A9798F2805F13600283A62 /* Info.plist */ = {isa = PBXFileReference; lastKnownFileType = text.plist.xml; path = Info.plist; sourceTree = "<group>"; };
		F6A979942805F13700283A62 /* Takkellapati_GroceryAppTests.xctest */ = {isa = PBXFileReference; explicitFileType = wrapper.cfbundle; includeInIndex = 0; path = Takkellapati_GroceryAppTests.xctest; sourceTree = BUILT_PRODUCTS_DIR; };
		F6A979982805F13700283A62 /* Takkellapati_GroceryAppTests.swift */ = {isa = PBXFileReference; lastKnownFileType = sourcecode.swift; path = Takkellapati_GroceryAppTests.swift; sourceTree = "<group>"; };
		F6A9799E2805F13700283A62 /* Takkellapati_GroceryAppUITests.xctest */ = {isa = PBXFileReference; explicitFileType = wrapper.cfbundle; includeInIndex = 0; path = Takkellapati_GroceryAppUITests.xctest; sourceTree = BUILT_PRODUCTS_DIR; };
		F6A979A22805F13700283A62 /* Takkellapati_GroceryAppUITests.swift */ = {isa = PBXFileReference; lastKnownFileType = sourcecode.swift; path = Takkellapati_GroceryAppUITests.swift; sourceTree = "<group>"; };
		F6A979A42805F13700283A62 /* Takkellapati_GroceryAppUITestsLaunchTests.swift */ = {isa = PBXFileReference; lastKnownFileType = sourcecode.swift; path = Takkellapati_GroceryAppUITestsLaunchTests.swift; sourceTree = "<group>"; };
		F6A979B32805F21D00283A62 /* GrocerySection.swift */ = {isa = PBXFileReference; lastKnownFileType = sourcecode.swift; path = GrocerySection.swift; sourceTree = "<group>"; };
		F6A979B52805F36000283A62 /* GroceryItemsViewController.swift */ = {isa = PBXFileReference; lastKnownFileType = sourcecode.swift; path = GroceryItemsViewController.swift; sourceTree = "<group>"; };
		F6A979B72805F37600283A62 /* ItemsInfoViewController.swift */ = {isa = PBXFileReference; lastKnownFileType = sourcecode.swift; path = ItemsInfoViewController.swift; sourceTree = "<group>"; };
/* End PBXFileReference section */

/* Begin PBXFrameworksBuildPhase section */
		F6A9797B2805F13400283A62 /* Frameworks */ = {
			isa = PBXFrameworksBuildPhase;
			buildActionMask = 2147483647;
			files = (
			);
			runOnlyForDeploymentPostprocessing = 0;
		};
		F6A979912805F13700283A62 /* Frameworks */ = {
			isa = PBXFrameworksBuildPhase;
			buildActionMask = 2147483647;
			files = (
			);
			runOnlyForDeploymentPostprocessing = 0;
		};
		F6A9799B2805F13700283A62 /* Frameworks */ = {
			isa = PBXFrameworksBuildPhase;
			buildActionMask = 2147483647;
			files = (
			);
			runOnlyForDeploymentPostprocessing = 0;
		};
/* End PBXFrameworksBuildPhase section */

/* Begin PBXGroup section */
		F6A979752805F13400283A62 = {
			isa = PBXGroup;
			children = (
				F6A979802805F13400283A62 /* Takkellapati_GroceryApp */,
				F6A979972805F13700283A62 /* Takkellapati_GroceryAppTests */,
				F6A979A12805F13700283A62 /* Takkellapati_GroceryAppUITests */,
				F6A9797F2805F13400283A62 /* Products */,
			);
			sourceTree = "<group>";
		};
		F6A9797F2805F13400283A62 /* Products */ = {
			isa = PBXGroup;
			children = (
				F6A9797E2805F13400283A62 /* Takkellapati_GroceryApp.app */,
				F6A979942805F13700283A62 /* Takkellapati_GroceryAppTests.xctest */,
				F6A9799E2805F13700283A62 /* Takkellapati_GroceryAppUITests.xctest */,
			);
			name = Products;
			sourceTree = "<group>";
		};
		F6A979802805F13400283A62 /* Takkellapati_GroceryApp */ = {
			isa = PBXGroup;
			children = (
				F6A979812805F13400283A62 /* AppDelegate.swift */,
				F6A979832805F13400283A62 /* SceneDelegate.swift */,
				F6A979852805F13400283A62 /* GrocerySectionsViewController.swift */,
				F6A979872805F13400283A62 /* Main.storyboard */,
				F6A9798A2805F13600283A62 /* Assets.xcassets */,
				F6A9798C2805F13600283A62 /* LaunchScreen.storyboard */,
				F6A9798F2805F13600283A62 /* Info.plist */,
				F6A979B32805F21D00283A62 /* GrocerySection.swift */,
				F6A979B52805F36000283A62 /* GroceryItemsViewController.swift */,
				F6A979B72805F37600283A62 /* ItemsInfoViewController.swift */,
			);
			path = Takkellapati_GroceryApp;
			sourceTree = "<group>";
		};
		F6A979972805F13700283A62 /* Takkellapati_GroceryAppTests */ = {
			isa = PBXGroup;
			children = (
				F6A979982805F13700283A62 /* Takkellapati_GroceryAppTests.swift */,
			);
			path = Takkellapati_GroceryAppTests;
			sourceTree = "<group>";
		};
		F6A979A12805F13700283A62 /* Takkellapati_GroceryAppUITests */ = {
			isa = PBXGroup;
			children = (
				F6A979A22805F13700283A62 /* Takkellapati_GroceryAppUITests.swift */,
				F6A979A42805F13700283A62 /* Takkellapati_GroceryAppUITestsLaunchTests.swift */,
			);
			path = Takkellapati_GroceryAppUITests;
			sourceTree = "<group>";
		};
/* End PBXGroup section */

/* Begin PBXNativeTarget section */
		F6A9797D2805F13400283A62 /* Takkellapati_GroceryApp */ = {
			isa = PBXNativeTarget;
			buildConfigurationList = F6A979A82805F13700283A62 /* Build configuration list for PBXNativeTarget "Takkellapati_GroceryApp" */;
			buildPhases = (
				F6A9797A2805F13400283A62 /* Sources */,
				F6A9797B2805F13400283A62 /* Frameworks */,
				F6A9797C2805F13400283A62 /* Resources */,
			);
			buildRules = (
			);
			dependencies = (
			);
			name = Takkellapati_GroceryApp;
			productName = Takkellapati_GroceryApp;
			productReference = F6A9797E2805F13400283A62 /* Takkellapati_GroceryApp.app */;
			productType = "com.apple.product-type.application";
		};
		F6A979932805F13700283A62 /* Takkellapati_GroceryAppTests */ = {
			isa = PBXNativeTarget;
			buildConfigurationList = F6A979AB2805F13700283A62 /* Build configuration list for PBXNativeTarget "Takkellapati_GroceryAppTests" */;
			buildPhases = (
				F6A979902805F13700283A62 /* Sources */,
				F6A979912805F13700283A62 /* Frameworks */,
				F6A979922805F13700283A62 /* Resources */,
			);
			buildRules = (
			);
			dependencies = (
				F6A979962805F13700283A62 /* PBXTargetDependency */,
			);
			name = Takkellapati_GroceryAppTests;
			productName = Takkellapati_GroceryAppTests;
			productReference = F6A979942805F13700283A62 /* Takkellapati_GroceryAppTests.xctest */;
			productType = "com.apple.product-type.bundle.unit-test";
		};
		F6A9799D2805F13700283A62 /* Takkellapati_GroceryAppUITests */ = {
			isa = PBXNativeTarget;
			buildConfigurationList = F6A979AE2805F13700283A62 /* Build configuration list for PBXNativeTarget "Takkellapati_GroceryAppUITests" */;
			buildPhases = (
				F6A9799A2805F13700283A62 /* Sources */,
				F6A9799B2805F13700283A62 /* Frameworks */,
				F6A9799C2805F13700283A62 /* Resources */,
			);
			buildRules = (
			);
			dependencies = (
				F6A979A02805F13700283A62 /* PBXTargetDependency */,
			);
			name = Takkellapati_GroceryAppUITests;
			productName = Takkellapati_GroceryAppUITests;
			productReference = F6A9799E2805F13700283A62 /* Takkellapati_GroceryAppUITests.xctest */;
			productType = "com.apple.product-type.bundle.ui-testing";
		};
/* End PBXNativeTarget section */

/* Begin PBXProject section */
		F6A979762805F13400283A62 /* Project object */ = {
			isa = PBXProject;
			attributes = {
				BuildIndependentTargetsInParallel = 1;
				LastSwiftUpdateCheck = 1320;
				LastUpgradeCheck = 1320;
				TargetAttributes = {
					F6A9797D2805F13400283A62 = {
						CreatedOnToolsVersion = 13.2.1;
					};
					F6A979932805F13700283A62 = {
						CreatedOnToolsVersion = 13.2.1;
						TestTargetID = F6A9797D2805F13400283A62;
					};
					F6A9799D2805F13700283A62 = {
						CreatedOnToolsVersion = 13.2.1;
						TestTargetID = F6A9797D2805F13400283A62;
					};
				};
			};
			buildConfigurationList = F6A979792805F13400283A62 /* Build configuration list for PBXProject "Takkellapati_GroceryApp" */;
			compatibilityVersion = "Xcode 13.0";
			developmentRegion = en;
			hasScannedForEncodings = 0;
			knownRegions = (
				en,
				Base,
			);
			mainGroup = F6A979752805F13400283A62;
			productRefGroup = F6A9797F2805F13400283A62 /* Products */;
			projectDirPath = "";
			projectRoot = "";
			targets = (
				F6A9797D2805F13400283A62 /* Takkellapati_GroceryApp */,
				F6A979932805F13700283A62 /* Takkellapati_GroceryAppTests */,
				F6A9799D2805F13700283A62 /* Takkellapati_GroceryAppUITests */,
			);
		};
/* End PBXProject section */

/* Begin PBXResourcesBuildPhase section */
		F6A9797C2805F13400283A62 /* Resources */ = {
			isa = PBXResourcesBuildPhase;
			buildActionMask = 2147483647;
			files = (
				F6A9798E2805F13600283A62 /* LaunchScreen.storyboard in Resources */,
				F6A9798B2805F13600283A62 /* Assets.xcassets in Resources */,
				F6A979892805F13400283A62 /* Main.storyboard in Resources */,
			);
			runOnlyForDeploymentPostprocessing = 0;
		};
		F6A979922805F13700283A62 /* Resources */ = {
			isa = PBXResourcesBuildPhase;
			buildActionMask = 2147483647;
			files = (
			);
			runOnlyForDeploymentPostprocessing = 0;
		};
		F6A9799C2805F13700283A62 /* Resources */ = {
			isa = PBXResourcesBuildPhase;
			buildActionMask = 2147483647;
			files = (
			);
			runOnlyForDeploymentPostprocessing = 0;
		};
/* End PBXResourcesBuildPhase section */

/* Begin PBXSourcesBuildPhase section */
		F6A9797A2805F13400283A62 /* Sources */ = {
			isa = PBXSourcesBuildPhase;
			buildActionMask = 2147483647;
			files = (
				F6A979862805F13400283A62 /* GrocerySectionsViewController.swift in Sources */,
				F6A979822805F13400283A62 /* AppDelegate.swift in Sources */,
				F6A979B62805F36100283A62 /* GroceryItemsViewController.swift in Sources */,
				F6A979842805F13400283A62 /* SceneDelegate.swift in Sources */,
				F6A979B42805F21D00283A62 /* GrocerySection.swift in Sources */,
				F6A979B82805F37600283A62 /* ItemsInfoViewController.swift in Sources */,
			);
			runOnlyForDeploymentPostprocessing = 0;
		};
		F6A979902805F13700283A62 /* Sources */ = {
			isa = PBXSourcesBuildPhase;
			buildActionMask = 2147483647;
			files = (
				F6A979992805F13700283A62 /* Takkellapati_GroceryAppTests.swift in Sources */,
			);
			runOnlyForDeploymentPostprocessing = 0;
		};
		F6A9799A2805F13700283A62 /* Sources */ = {
			isa = PBXSourcesBuildPhase;
			buildActionMask = 2147483647;
			files = (
				F6A979A32805F13700283A62 /* Takkellapati_GroceryAppUITests.swift in Sources */,
				F6A979A52805F13700283A62 /* Takkellapati_GroceryAppUITestsLaunchTests.swift in Sources */,
			);
			runOnlyForDeploymentPostprocessing = 0;
		};
/* End PBXSourcesBuildPhase section */

/* Begin PBXTargetDependency section */
		F6A979962805F13700283A62 /* PBXTargetDependency */ = {
			isa = PBXTargetDependency;
			target = F6A9797D2805F13400283A62 /* Takkellapati_GroceryApp */;
			targetProxy = F6A979952805F13700283A62 /* PBXContainerItemProxy */;
		};
		F6A979A02805F13700283A62 /* PBXTargetDependency */ = {
			isa = PBXTargetDependency;
			target = F6A9797D2805F13400283A62 /* Takkellapati_GroceryApp */;
			targetProxy = F6A9799F2805F13700283A62 /* PBXContainerItemProxy */;
		};
/* End PBXTargetDependency section */

/* Begin PBXVariantGroup section */
		F6A979872805F13400283A62 /* Main.storyboard */ = {
			isa = PBXVariantGroup;
			children = (
				F6A979882805F13400283A62 /* Base */,
			);
			name = Main.storyboard;
			sourceTree = "<group>";
		};
		F6A9798C2805F13600283A62 /* LaunchScreen.storyboard */ = {
			isa = PBXVariantGroup;
			children = (
				F6A9798D2805F13600283A62 /* Base */,
			);
			name = LaunchScreen.storyboard;
			sourceTree = "<group>";
		};
/* End PBXVariantGroup section */

/* Begin XCBuildConfiguration section */
		F6A979A62805F13700283A62 /* Debug */ = {
			isa = XCBuildConfiguration;
			buildSettings = {
				ALWAYS_SEARCH_USER_PATHS = NO;
				CLANG_ANALYZER_NONNULL = YES;
				CLANG_ANALYZER_NUMBER_OBJECT_CONVERSION = YES_AGGRESSIVE;
				CLANG_CXX_LANGUAGE_STANDARD = "gnu++17";
				CLANG_CXX_LIBRARY = "libc++";
				CLANG_ENABLE_MODULES = YES;
				CLANG_ENABLE_OBJC_ARC = YES;
				CLANG_ENABLE_OBJC_WEAK = YES;
				CLANG_WARN_BLOCK_CAPTURE_AUTORELEASING = YES;
				CLANG_WARN_BOOL_CONVERSION = YES;
				CLANG_WARN_COMMA = YES;
				CLANG_WARN_CONSTANT_CONVERSION = YES;
				CLANG_WARN_DEPRECATED_OBJC_IMPLEMENTATIONS = YES;
				CLANG_WARN_DIRECT_OBJC_ISA_USAGE = YES_ERROR;
				CLANG_WARN_DOCUMENTATION_COMMENTS = YES;
				CLANG_WARN_EMPTY_BODY = YES;
				CLANG_WARN_ENUM_CONVERSION = YES;
				CLANG_WARN_INFINITE_RECURSION = YES;
				CLANG_WARN_INT_CONVERSION = YES;
				CLANG_WARN_NON_LITERAL_NULL_CONVERSION = YES;
				CLANG_WARN_OBJC_IMPLICIT_RETAIN_SELF = YES;
				CLANG_WARN_OBJC_LITERAL_CONVERSION = YES;
				CLANG_WARN_OBJC_ROOT_CLASS = YES_ERROR;
				CLANG_WARN_QUOTED_INCLUDE_IN_FRAMEWORK_HEADER = YES;
				CLANG_WARN_RANGE_LOOP_ANALYSIS = YES;
				CLANG_WARN_STRICT_PROTOTYPES = YES;
				CLANG_WARN_SUSPICIOUS_MOVE = YES;
				CLANG_WARN_UNGUARDED_AVAILABILITY = YES_AGGRESSIVE;
				CLANG_WARN_UNREACHABLE_CODE = YES;
				CLANG_WARN__DUPLICATE_METHOD_MATCH = YES;
				COPY_PHASE_STRIP = NO;
				DEBUG_INFORMATION_FORMAT = dwarf;
				ENABLE_STRICT_OBJC_MSGSEND = YES;
				ENABLE_TESTABILITY = YES;
				GCC_C_LANGUAGE_STANDARD = gnu11;
				GCC_DYNAMIC_NO_PIC = NO;
				GCC_NO_COMMON_BLOCKS = YES;
				GCC_OPTIMIZATION_LEVEL = 0;
				GCC_PREPROCESSOR_DEFINITIONS = (
					"DEBUG=1",
					"$(inherited)",
				);
				GCC_WARN_64_TO_32_BIT_CONVERSION = YES;
				GCC_WARN_ABOUT_RETURN_TYPE = YES_ERROR;
				GCC_WARN_UNDECLARED_SELECTOR = YES;
				GCC_WARN_UNINITIALIZED_AUTOS = YES_AGGRESSIVE;
				GCC_WARN_UNUSED_FUNCTION = YES;
				GCC_WARN_UNUSED_VARIABLE = YES;
				IPHONEOS_DEPLOYMENT_TARGET = 15.2;
				MTL_ENABLE_DEBUG_INFO = INCLUDE_SOURCE;
				MTL_FAST_MATH = YES;
				ONLY_ACTIVE_ARCH = YES;
				SDKROOT = iphoneos;
				SWIFT_ACTIVE_COMPILATION_CONDITIONS = DEBUG;
				SWIFT_OPTIMIZATION_LEVEL = "-Onone";
			};
			name = Debug;
		};
		F6A979A72805F13700283A62 /* Release */ = {
			isa = XCBuildConfiguration;
			buildSettings = {
				ALWAYS_SEARCH_USER_PATHS = NO;
				CLANG_ANALYZER_NONNULL = YES;
				CLANG_ANALYZER_NUMBER_OBJECT_CONVERSION = YES_AGGRESSIVE;
				CLANG_CXX_LANGUAGE_STANDARD = "gnu++17";
				CLANG_CXX_LIBRARY = "libc++";
				CLANG_ENABLE_MODULES = YES;
				CLANG_ENABLE_OBJC_ARC = YES;
				CLANG_ENABLE_OBJC_WEAK = YES;
				CLANG_WARN_BLOCK_CAPTURE_AUTORELEASING = YES;
				CLANG_WARN_BOOL_CONVERSION = YES;
				CLANG_WARN_COMMA = YES;
				CLANG_WARN_CONSTANT_CONVERSION = YES;
				CLANG_WARN_DEPRECATED_OBJC_IMPLEMENTATIONS = YES;
				CLANG_WARN_DIRECT_OBJC_ISA_USAGE = YES_ERROR;
				CLANG_WARN_DOCUMENTATION_COMMENTS = YES;
				CLANG_WARN_EMPTY_BODY = YES;
				CLANG_WARN_ENUM_CONVERSION = YES;
				CLANG_WARN_INFINITE_RECURSION = YES;
				CLANG_WARN_INT_CONVERSION = YES;
				CLANG_WARN_NON_LITERAL_NULL_CONVERSION = YES;
				CLANG_WARN_OBJC_IMPLICIT_RETAIN_SELF = YES;
				CLANG_WARN_OBJC_LITERAL_CONVERSION = YES;
				CLANG_WARN_OBJC_ROOT_CLASS = YES_ERROR;
				CLANG_WARN_QUOTED_INCLUDE_IN_FRAMEWORK_HEADER = YES;
				CLANG_WARN_RANGE_LOOP_ANALYSIS = YES;
				CLANG_WARN_STRICT_PROTOTYPES = YES;
				CLANG_WARN_SUSPICIOUS_MOVE = YES;
				CLANG_WARN_UNGUARDED_AVAILABILITY = YES_AGGRESSIVE;
				CLANG_WARN_UNREACHABLE_CODE = YES;
				CLANG_WARN__DUPLICATE_METHOD_MATCH = YES;
				COPY_PHASE_STRIP = NO;
				DEBUG_INFORMATION_FORMAT = "dwarf-with-dsym";
				ENABLE_NS_ASSERTIONS = NO;
				ENABLE_STRICT_OBJC_MSGSEND = YES;
				GCC_C_LANGUAGE_STANDARD = gnu11;
				GCC_NO_COMMON_BLOCKS = YES;
				GCC_WARN_64_TO_32_BIT_CONVERSION = YES;
				GCC_WARN_ABOUT_RETURN_TYPE = YES_ERROR;
				GCC_WARN_UNDECLARED_SELECTOR = YES;
				GCC_WARN_UNINITIALIZED_AUTOS = YES_AGGRESSIVE;
				GCC_WARN_UNUSED_FUNCTION = YES;
				GCC_WARN_UNUSED_VARIABLE = YES;
				IPHONEOS_DEPLOYMENT_TARGET = 15.2;
				MTL_ENABLE_DEBUG_INFO = NO;
				MTL_FAST_MATH = YES;
				SDKROOT = iphoneos;
				SWIFT_COMPILATION_MODE = wholemodule;
				SWIFT_OPTIMIZATION_LEVEL = "-O";
				VALIDATE_PRODUCT = YES;
			};
			name = Release;
		};
		F6A979A92805F13700283A62 /* Debug */ = {
			isa = XCBuildConfiguration;
			buildSettings = {
				ASSETCATALOG_COMPILER_APPICON_NAME = AppIcon;
				ASSETCATALOG_COMPILER_GLOBAL_ACCENT_COLOR_NAME = AccentColor;
				CODE_SIGN_STYLE = Automatic;
				CURRENT_PROJECT_VERSION = 1;
				GENERATE_INFOPLIST_FILE = YES;
				INFOPLIST_FILE = Takkellapati_GroceryApp/Info.plist;
				INFOPLIST_KEY_UIApplicationSupportsIndirectInputEvents = YES;
				INFOPLIST_KEY_UILaunchStoryboardName = LaunchScreen;
				INFOPLIST_KEY_UIMainStoryboardFile = Main;
				INFOPLIST_KEY_UISupportedInterfaceOrientations_iPad = "UIInterfaceOrientationPortrait UIInterfaceOrientationPortraitUpsideDown UIInterfaceOrientationLandscapeLeft UIInterfaceOrientationLandscapeRight";
				INFOPLIST_KEY_UISupportedInterfaceOrientations_iPhone = "UIInterfaceOrientationPortrait UIInterfaceOrientationLandscapeLeft UIInterfaceOrientationLandscapeRight";
				LD_RUNPATH_SEARCH_PATHS = (
					"$(inherited)",
					"@executable_path/Frameworks",
				);
				MARKETING_VERSION = 1.0;
				PRODUCT_BUNDLE_IDENTIFIER = "nwmsu.Takkellapati-GroceryApp";
				PRODUCT_NAME = "$(TARGET_NAME)";
				SWIFT_EMIT_LOC_STRINGS = YES;
				SWIFT_VERSION = 5.0;
				TARGETED_DEVICE_FAMILY = "1,2";
			};
			name = Debug;
		};
		F6A979AA2805F13700283A62 /* Release */ = {
			isa = XCBuildConfiguration;
			buildSettings = {
				ASSETCATALOG_COMPILER_APPICON_NAME = AppIcon;
				ASSETCATALOG_COMPILER_GLOBAL_ACCENT_COLOR_NAME = AccentColor;
				CODE_SIGN_STYLE = Automatic;
				CURRENT_PROJECT_VERSION = 1;
				GENERATE_INFOPLIST_FILE = YES;
				INFOPLIST_FILE = Takkellapati_GroceryApp/Info.plist;
				INFOPLIST_KEY_UIApplicationSupportsIndirectInputEvents = YES;
				INFOPLIST_KEY_UILaunchStoryboardName = LaunchScreen;
				INFOPLIST_KEY_UIMainStoryboardFile = Main;
				INFOPLIST_KEY_UISupportedInterfaceOrientations_iPad = "UIInterfaceOrientationPortrait UIInterfaceOrientationPortraitUpsideDown UIInterfaceOrientationLandscapeLeft UIInterfaceOrientationLandscapeRight";
				INFOPLIST_KEY_UISupportedInterfaceOrientations_iPhone = "UIInterfaceOrientationPortrait UIInterfaceOrientationLandscapeLeft UIInterfaceOrientationLandscapeRight";
				LD_RUNPATH_SEARCH_PATHS = (
					"$(inherited)",
					"@executable_path/Frameworks",
				);
				MARKETING_VERSION = 1.0;
				PRODUCT_BUNDLE_IDENTIFIER = "nwmsu.Takkellapati-GroceryApp";
				PRODUCT_NAME = "$(TARGET_NAME)";
				SWIFT_EMIT_LOC_STRINGS = YES;
				SWIFT_VERSION = 5.0;
				TARGETED_DEVICE_FAMILY = "1,2";
			};
			name = Release;
		};
		F6A979AC2805F13700283A62 /* Debug */ = {
			isa = XCBuildConfiguration;
			buildSettings = {
				ALWAYS_EMBED_SWIFT_STANDARD_LIBRARIES = YES;
				BUNDLE_LOADER = "$(TEST_HOST)";
				CODE_SIGN_STYLE = Automatic;
				CURRENT_PROJECT_VERSION = 1;
				GENERATE_INFOPLIST_FILE = YES;
				IPHONEOS_DEPLOYMENT_TARGET = 15.2;
				MARKETING_VERSION = 1.0;
				PRODUCT_BUNDLE_IDENTIFIER = "nwmsu.Takkellapati-GroceryAppTests";
				PRODUCT_NAME = "$(TARGET_NAME)";
				SWIFT_EMIT_LOC_STRINGS = NO;
				SWIFT_VERSION = 5.0;
				TARGETED_DEVICE_FAMILY = "1,2";
				TEST_HOST = "$(BUILT_PRODUCTS_DIR)/Takkellapati_GroceryApp.app/Takkellapati_GroceryApp";
			};
			name = Debug;
		};
		F6A979AD2805F13700283A62 /* Release */ = {
			isa = XCBuildConfiguration;
			buildSettings = {
				ALWAYS_EMBED_SWIFT_STANDARD_LIBRARIES = YES;
				BUNDLE_LOADER = "$(TEST_HOST)";
				CODE_SIGN_STYLE = Automatic;
				CURRENT_PROJECT_VERSION = 1;
				GENERATE_INFOPLIST_FILE = YES;
				IPHONEOS_DEPLOYMENT_TARGET = 15.2;
				MARKETING_VERSION = 1.0;
				PRODUCT_BUNDLE_IDENTIFIER = "nwmsu.Takkellapati-GroceryAppTests";
				PRODUCT_NAME = "$(TARGET_NAME)";
				SWIFT_EMIT_LOC_STRINGS = NO;
				SWIFT_VERSION = 5.0;
				TARGETED_DEVICE_FAMILY = "1,2";
				TEST_HOST = "$(BUILT_PRODUCTS_DIR)/Takkellapati_GroceryApp.app/Takkellapati_GroceryApp";
			};
			name = Release;
		};
		F6A979AF2805F13700283A62 /* Debug */ = {
			isa = XCBuildConfiguration;
			buildSettings = {
				ALWAYS_EMBED_SWIFT_STANDARD_LIBRARIES = YES;
				CODE_SIGN_STYLE = Automatic;
				CURRENT_PROJECT_VERSION = 1;
				GENERATE_INFOPLIST_FILE = YES;
				MARKETING_VERSION = 1.0;
				PRODUCT_BUNDLE_IDENTIFIER = "nwmsu.Takkellapati-GroceryAppUITests";
				PRODUCT_NAME = "$(TARGET_NAME)";
				SWIFT_EMIT_LOC_STRINGS = NO;
				SWIFT_VERSION = 5.0;
				TARGETED_DEVICE_FAMILY = "1,2";
				TEST_TARGET_NAME = Takkellapati_GroceryApp;
			};
			name = Debug;
		};
		F6A979B02805F13700283A62 /* Release */ = {
			isa = XCBuildConfiguration;
			buildSettings = {
				ALWAYS_EMBED_SWIFT_STANDARD_LIBRARIES = YES;
				CODE_SIGN_STYLE = Automatic;
				CURRENT_PROJECT_VERSION = 1;
				GENERATE_INFOPLIST_FILE = YES;
				MARKETING_VERSION = 1.0;
				PRODUCT_BUNDLE_IDENTIFIER = "nwmsu.Takkellapati-GroceryAppUITests";
				PRODUCT_NAME = "$(TARGET_NAME)";
				SWIFT_EMIT_LOC_STRINGS = NO;
				SWIFT_VERSION = 5.0;
				TARGETED_DEVICE_FAMILY = "1,2";
				TEST_TARGET_NAME = Takkellapati_GroceryApp;
			};
			name = Release;
		};
/* End XCBuildConfiguration section */

/* Begin XCConfigurationList section */
		F6A979792805F13400283A62 /* Build configuration list for PBXProject "Takkellapati_GroceryApp" */ = {
			isa = XCConfigurationList;
			buildConfigurations = (
				F6A979A62805F13700283A62 /* Debug */,
				F6A979A72805F13700283A62 /* Release */,
			);
			defaultConfigurationIsVisible = 0;
			defaultConfigurationName = Release;
		};
		F6A979A82805F13700283A62 /* Build configuration list for PBXNativeTarget "Takkellapati_GroceryApp" */ = {
			isa = XCConfigurationList;
			buildConfigurations = (
				F6A979A92805F13700283A62 /* Debug */,
				F6A979AA2805F13700283A62 /* Release */,
			);
			defaultConfigurationIsVisible = 0;
			defaultConfigurationName = Release;
		};
		F6A979AB2805F13700283A62 /* Build configuration list for PBXNativeTarget "Takkellapati_GroceryAppTests" */ = {
			isa = XCConfigurationList;
			buildConfigurations = (
				F6A979AC2805F13700283A62 /* Debug */,
				F6A979AD2805F13700283A62 /* Release */,
			);
			defaultConfigurationIsVisible = 0;
			defaultConfigurationName = Release;
		};
		F6A979AE2805F13700283A62 /* Build configuration list for PBXNativeTarget "Takkellapati_GroceryAppUITests" */ = {
			isa = XCConfigurationList;
			buildConfigurations = (
				F6A979AF2805F13700283A62 /* Debug */,
				F6A979B02805F13700283A62 /* Release */,
			);
			defaultConfigurationIsVisible = 0;
			defaultConfigurationName = Release;
		};
/* End XCConfigurationList section */
	};
	rootObject = F6A979762805F13400283A62 /* Project object */;
}
