// !$*UTF8*$!
{
	archiveVersion = 1;
	classes = {
	};
	objectVersion = 55;
	objects = {

/* Begin PBXBuildFile section */
		F6A979422805DAAA00283A62 /* AppDelegate.swift in Sources */ = {isa = PBXBuildFile; fileRef = F6A979412805DAAA00283A62 /* AppDelegate.swift */; };
		F6A979442805DAAA00283A62 /* SceneDelegate.swift in Sources */ = {isa = PBXBuildFile; fileRef = F6A979432805DAAA00283A62 /* SceneDelegate.swift */; };
		F6A979462805DAAA00283A62 /* ViewController.swift in Sources */ = {isa = PBXBuildFile; fileRef = F6A979452805DAAA00283A62 /* ViewController.swift */; };
		F6A979492805DAAA00283A62 /* Main.storyboard in Resources */ = {isa = PBXBuildFile; fileRef = F6A979472805DAAA00283A62 /* Main.storyboard */; };
		F6A9794B2805DAAC00283A62 /* Assets.xcassets in Resources */ = {isa = PBXBuildFile; fileRef = F6A9794A2805DAAC00283A62 /* Assets.xcassets */; };
		F6A9794E2805DAAC00283A62 /* LaunchScreen.storyboard in Resources */ = {isa = PBXBuildFile; fileRef = F6A9794C2805DAAC00283A62 /* LaunchScreen.storyboard */; };
		F6A979592805DAAC00283A62 /* MovieCollectionViewAppTests.swift in Sources */ = {isa = PBXBuildFile; fileRef = F6A979582805DAAC00283A62 /* MovieCollectionViewAppTests.swift */; };
		F6A979632805DAAC00283A62 /* MovieCollectionViewAppUITests.swift in Sources */ = {isa = PBXBuildFile; fileRef = F6A979622805DAAC00283A62 /* MovieCollectionViewAppUITests.swift */; };
		F6A979652805DAAC00283A62 /* MovieCollectionViewAppUITestsLaunchTests.swift in Sources */ = {isa = PBXBuildFile; fileRef = F6A979642805DAAC00283A62 /* MovieCollectionViewAppUITestsLaunchTests.swift */; };
		F6A979722805DCEB00283A62 /* Movie.swift in Sources */ = {isa = PBXBuildFile; fileRef = F6A979712805DCEB00283A62 /* Movie.swift */; };
		F6A979742805DF8100283A62 /* MovieCollectionViewCell.swift in Sources */ = {isa = PBXBuildFile; fileRef = F6A979732805DF8100283A62 /* MovieCollectionViewCell.swift */; };
/* End PBXBuildFile section */

/* Begin PBXContainerItemProxy section */
		F6A979552805DAAC00283A62 /* PBXContainerItemProxy */ = {
			isa = PBXContainerItemProxy;
			containerPortal = F6A979362805DAAA00283A62 /* Project object */;
			proxyType = 1;
			remoteGlobalIDString = F6A9793D2805DAAA00283A62;
			remoteInfo = MovieCollectionViewApp;
		};
		F6A9795F2805DAAC00283A62 /* PBXContainerItemProxy */ = {
			isa = PBXContainerItemProxy;
			containerPortal = F6A979362805DAAA00283A62 /* Project object */;
			proxyType = 1;
			remoteGlobalIDString = F6A9793D2805DAAA00283A62;
			remoteInfo = MovieCollectionViewApp;
		};
/* End PBXContainerItemProxy section */

/* Begin PBXFileReference section */
		F6A9793E2805DAAA00283A62 /* MovieCollectionViewApp.app */ = {isa = PBXFileReference; explicitFileType = wrapper.application; includeInIndex = 0; path = MovieCollectionViewApp.app; sourceTree = BUILT_PRODUCTS_DIR; };
		F6A979412805DAAA00283A62 /* AppDelegate.swift */ = {isa = PBXFileReference; lastKnownFileType = sourcecode.swift; path = AppDelegate.swift; sourceTree = "<group>"; };
		F6A979432805DAAA00283A62 /* SceneDelegate.swift */ = {isa = PBXFileReference; lastKnownFileType = sourcecode.swift; path = SceneDelegate.swift; sourceTree = "<group>"; };
		F6A979452805DAAA00283A62 /* ViewController.swift */ = {isa = PBXFileReference; lastKnownFileType = sourcecode.swift; path = ViewController.swift; sourceTree = "<group>"; };
		F6A979482805DAAA00283A62 /* Base */ = {isa = PBXFileReference; lastKnownFileType = file.storyboard; name = Base; path = Base.lproj/Main.storyboard; sourceTree = "<group>"; };
		F6A9794A2805DAAC00283A62 /* Assets.xcassets */ = {isa = PBXFileReference; lastKnownFileType = folder.assetcatalog; path = Assets.xcassets; sourceTree = "<group>"; };
		F6A9794D2805DAAC00283A62 /* Base */ = {isa = PBXFileReference; lastKnownFileType = file.storyboard; name = Base; path = Base.lproj/LaunchScreen.storyboard; sourceTree = "<group>"; };
		F6A9794F2805DAAC00283A62 /* Info.plist */ = {isa = PBXFileReference; lastKnownFileType = text.plist.xml; path = Info.plist; sourceTree = "<group>"; };
		F6A979542805DAAC00283A62 /* MovieCollectionViewAppTests.xctest */ = {isa = PBXFileReference; explicitFileType = wrapper.cfbundle; includeInIndex = 0; path = MovieCollectionViewAppTests.xctest; sourceTree = BUILT_PRODUCTS_DIR; };
		F6A979582805DAAC00283A62 /* MovieCollectionViewAppTests.swift */ = {isa = PBXFileReference; lastKnownFileType = sourcecode.swift; path = MovieCollectionViewAppTests.swift; sourceTree = "<group>"; };
		F6A9795E2805DAAC00283A62 /* MovieCollectionViewAppUITests.xctest */ = {isa = PBXFileReference; explicitFileType = wrapper.cfbundle; includeInIndex = 0; path = MovieCollectionViewAppUITests.xctest; sourceTree = BUILT_PRODUCTS_DIR; };
		F6A979622805DAAC00283A62 /* MovieCollectionViewAppUITests.swift */ = {isa = PBXFileReference; lastKnownFileType = sourcecode.swift; path = MovieCollectionViewAppUITests.swift; sourceTree = "<group>"; };
		F6A979642805DAAC00283A62 /* MovieCollectionViewAppUITestsLaunchTests.swift */ = {isa = PBXFileReference; lastKnownFileType = sourcecode.swift; path = MovieCollectionViewAppUITestsLaunchTests.swift; sourceTree = "<group>"; };
		F6A979712805DCEB00283A62 /* Movie.swift */ = {isa = PBXFileReference; lastKnownFileType = sourcecode.swift; path = Movie.swift; sourceTree = "<group>"; };
		F6A979732805DF8100283A62 /* MovieCollectionViewCell.swift */ = {isa = PBXFileReference; lastKnownFileType = sourcecode.swift; path = MovieCollectionViewCell.swift; sourceTree = "<group>"; };
/* End PBXFileReference section */

/* Begin PBXFrameworksBuildPhase section */
		F6A9793B2805DAAA00283A62 /* Frameworks */ = {
			isa = PBXFrameworksBuildPhase;
			buildActionMask = 2147483647;
			files = (
			);
			runOnlyForDeploymentPostprocessing = 0;
		};
		F6A979512805DAAC00283A62 /* Frameworks */ = {
			isa = PBXFrameworksBuildPhase;
			buildActionMask = 2147483647;
			files = (
			);
			runOnlyForDeploymentPostprocessing = 0;
		};
		F6A9795B2805DAAC00283A62 /* Frameworks */ = {
			isa = PBXFrameworksBuildPhase;
			buildActionMask = 2147483647;
			files = (
			);
			runOnlyForDeploymentPostprocessing = 0;
		};
/* End PBXFrameworksBuildPhase section */

/* Begin PBXGroup section */
		F6A979352805DAAA00283A62 = {
			isa = PBXGroup;
			children = (
				F6A979402805DAAA00283A62 /* MovieCollectionViewApp */,
				F6A979572805DAAC00283A62 /* MovieCollectionViewAppTests */,
				F6A979612805DAAC00283A62 /* MovieCollectionViewAppUITests */,
				F6A9793F2805DAAA00283A62 /* Products */,
			);
			sourceTree = "<group>";
		};
		F6A9793F2805DAAA00283A62 /* Products */ = {
			isa = PBXGroup;
			children = (
				F6A9793E2805DAAA00283A62 /* MovieCollectionViewApp.app */,
				F6A979542805DAAC00283A62 /* MovieCollectionViewAppTests.xctest */,
				F6A9795E2805DAAC00283A62 /* MovieCollectionViewAppUITests.xctest */,
			);
			name = Products;
			sourceTree = "<group>";
		};
		F6A979402805DAAA00283A62 /* MovieCollectionViewApp */ = {
			isa = PBXGroup;
			children = (
				F6A979412805DAAA00283A62 /* AppDelegate.swift */,
				F6A979432805DAAA00283A62 /* SceneDelegate.swift */,
				F6A979452805DAAA00283A62 /* ViewController.swift */,
				F6A979472805DAAA00283A62 /* Main.storyboard */,
				F6A9794A2805DAAC00283A62 /* Assets.xcassets */,
				F6A9794C2805DAAC00283A62 /* LaunchScreen.storyboard */,
				F6A9794F2805DAAC00283A62 /* Info.plist */,
				F6A979712805DCEB00283A62 /* Movie.swift */,
				F6A979732805DF8100283A62 /* MovieCollectionViewCell.swift */,
			);
			path = MovieCollectionViewApp;
			sourceTree = "<group>";
		};
		F6A979572805DAAC00283A62 /* MovieCollectionViewAppTests */ = {
			isa = PBXGroup;
			children = (
				F6A979582805DAAC00283A62 /* MovieCollectionViewAppTests.swift */,
			);
			path = MovieCollectionViewAppTests;
			sourceTree = "<group>";
		};
		F6A979612805DAAC00283A62 /* MovieCollectionViewAppUITests */ = {
			isa = PBXGroup;
			children = (
				F6A979622805DAAC00283A62 /* MovieCollectionViewAppUITests.swift */,
				F6A979642805DAAC00283A62 /* MovieCollectionViewAppUITestsLaunchTests.swift */,
			);
			path = MovieCollectionViewAppUITests;
			sourceTree = "<group>";
		};
/* End PBXGroup section */

/* Begin PBXNativeTarget section */
		F6A9793D2805DAAA00283A62 /* MovieCollectionViewApp */ = {
			isa = PBXNativeTarget;
			buildConfigurationList = F6A979682805DAAC00283A62 /* Build configuration list for PBXNativeTarget "MovieCollectionViewApp" */;
			buildPhases = (
				F6A9793A2805DAAA00283A62 /* Sources */,
				F6A9793B2805DAAA00283A62 /* Frameworks */,
				F6A9793C2805DAAA00283A62 /* Resources */,
			);
			buildRules = (
			);
			dependencies = (
			);
			name = MovieCollectionViewApp;
			productName = MovieCollectionViewApp;
			productReference = F6A9793E2805DAAA00283A62 /* MovieCollectionViewApp.app */;
			productType = "com.apple.product-type.application";
		};
		F6A979532805DAAC00283A62 /* MovieCollectionViewAppTests */ = {
			isa = PBXNativeTarget;
			buildConfigurationList = F6A9796B2805DAAC00283A62 /* Build configuration list for PBXNativeTarget "MovieCollectionViewAppTests" */;
			buildPhases = (
				F6A979502805DAAC00283A62 /* Sources */,
				F6A979512805DAAC00283A62 /* Frameworks */,
				F6A979522805DAAC00283A62 /* Resources */,
			);
			buildRules = (
			);
			dependencies = (
				F6A979562805DAAC00283A62 /* PBXTargetDependency */,
			);
			name = MovieCollectionViewAppTests;
			productName = MovieCollectionViewAppTests;
			productReference = F6A979542805DAAC00283A62 /* MovieCollectionViewAppTests.xctest */;
			productType = "com.apple.product-type.bundle.unit-test";
		};
		F6A9795D2805DAAC00283A62 /* MovieCollectionViewAppUITests */ = {
			isa = PBXNativeTarget;
			buildConfigurationList = F6A9796E2805DAAC00283A62 /* Build configuration list for PBXNativeTarget "MovieCollectionViewAppUITests" */;
			buildPhases = (
				F6A9795A2805DAAC00283A62 /* Sources */,
				F6A9795B2805DAAC00283A62 /* Frameworks */,
				F6A9795C2805DAAC00283A62 /* Resources */,
			);
			buildRules = (
			);
			dependencies = (
				F6A979602805DAAC00283A62 /* PBXTargetDependency */,
			);
			name = MovieCollectionViewAppUITests;
			productName = MovieCollectionViewAppUITests;
			productReference = F6A9795E2805DAAC00283A62 /* MovieCollectionViewAppUITests.xctest */;
			productType = "com.apple.product-type.bundle.ui-testing";
		};
/* End PBXNativeTarget section */

/* Begin PBXProject section */
		F6A979362805DAAA00283A62 /* Project object */ = {
			isa = PBXProject;
			attributes = {
				BuildIndependentTargetsInParallel = 1;
				LastSwiftUpdateCheck = 1320;
				LastUpgradeCheck = 1320;
				TargetAttributes = {
					F6A9793D2805DAAA00283A62 = {
						CreatedOnToolsVersion = 13.2.1;
					};
					F6A979532805DAAC00283A62 = {
						CreatedOnToolsVersion = 13.2.1;
						TestTargetID = F6A9793D2805DAAA00283A62;
					};
					F6A9795D2805DAAC00283A62 = {
						CreatedOnToolsVersion = 13.2.1;
						TestTargetID = F6A9793D2805DAAA00283A62;
					};
				};
			};
			buildConfigurationList = F6A979392805DAAA00283A62 /* Build configuration list for PBXProject "MovieCollectionViewApp" */;
			compatibilityVersion = "Xcode 13.0";
			developmentRegion = en;
			hasScannedForEncodings = 0;
			knownRegions = (
				en,
				Base,
			);
			mainGroup = F6A979352805DAAA00283A62;
			productRefGroup = F6A9793F2805DAAA00283A62 /* Products */;
			projectDirPath = "";
			projectRoot = "";
			targets = (
				F6A9793D2805DAAA00283A62 /* MovieCollectionViewApp */,
				F6A979532805DAAC00283A62 /* MovieCollectionViewAppTests */,
				F6A9795D2805DAAC00283A62 /* MovieCollectionViewAppUITests */,
			);
		};
/* End PBXProject section */

/* Begin PBXResourcesBuildPhase section */
		F6A9793C2805DAAA00283A62 /* Resources */ = {
			isa = PBXResourcesBuildPhase;
			buildActionMask = 2147483647;
			files = (
				F6A9794E2805DAAC00283A62 /* LaunchScreen.storyboard in Resources */,
				F6A9794B2805DAAC00283A62 /* Assets.xcassets in Resources */,
				F6A979492805DAAA00283A62 /* Main.storyboard in Resources */,
			);
			runOnlyForDeploymentPostprocessing = 0;
		};
		F6A979522805DAAC00283A62 /* Resources */ = {
			isa = PBXResourcesBuildPhase;
			buildActionMask = 2147483647;
			files = (
			);
			runOnlyForDeploymentPostprocessing = 0;
		};
		F6A9795C2805DAAC00283A62 /* Resources */ = {
			isa = PBXResourcesBuildPhase;
			buildActionMask = 2147483647;
			files = (
			);
			runOnlyForDeploymentPostprocessing = 0;
		};
/* End PBXResourcesBuildPhase section */

/* Begin PBXSourcesBuildPhase section */
		F6A9793A2805DAAA00283A62 /* Sources */ = {
			isa = PBXSourcesBuildPhase;
			buildActionMask = 2147483647;
			files = (
				F6A979462805DAAA00283A62 /* ViewController.swift in Sources */,
				F6A979422805DAAA00283A62 /* AppDelegate.swift in Sources */,
				F6A979742805DF8100283A62 /* MovieCollectionViewCell.swift in Sources */,
				F6A979722805DCEB00283A62 /* Movie.swift in Sources */,
				F6A979442805DAAA00283A62 /* SceneDelegate.swift in Sources */,
			);
			runOnlyForDeploymentPostprocessing = 0;
		};
		F6A979502805DAAC00283A62 /* Sources */ = {
			isa = PBXSourcesBuildPhase;
			buildActionMask = 2147483647;
			files = (
				F6A979592805DAAC00283A62 /* MovieCollectionViewAppTests.swift in Sources */,
			);
			runOnlyForDeploymentPostprocessing = 0;
		};
		F6A9795A2805DAAC00283A62 /* Sources */ = {
			isa = PBXSourcesBuildPhase;
			buildActionMask = 2147483647;
			files = (
				F6A979652805DAAC00283A62 /* MovieCollectionViewAppUITestsLaunchTests.swift in Sources */,
				F6A979632805DAAC00283A62 /* MovieCollectionViewAppUITests.swift in Sources */,
			);
			runOnlyForDeploymentPostprocessing = 0;
		};
/* End PBXSourcesBuildPhase section */

/* Begin PBXTargetDependency section */
		F6A979562805DAAC00283A62 /* PBXTargetDependency */ = {
			isa = PBXTargetDependency;
			target = F6A9793D2805DAAA00283A62 /* MovieCollectionViewApp */;
			targetProxy = F6A979552805DAAC00283A62 /* PBXContainerItemProxy */;
		};
		F6A979602805DAAC00283A62 /* PBXTargetDependency */ = {
			isa = PBXTargetDependency;
			target = F6A9793D2805DAAA00283A62 /* MovieCollectionViewApp */;
			targetProxy = F6A9795F2805DAAC00283A62 /* PBXContainerItemProxy */;
		};
/* End PBXTargetDependency section */

/* Begin PBXVariantGroup section */
		F6A979472805DAAA00283A62 /* Main.storyboard */ = {
			isa = PBXVariantGroup;
			children = (
				F6A979482805DAAA00283A62 /* Base */,
			);
			name = Main.storyboard;
			sourceTree = "<group>";
		};
		F6A9794C2805DAAC00283A62 /* LaunchScreen.storyboard */ = {
			isa = PBXVariantGroup;
			children = (
				F6A9794D2805DAAC00283A62 /* Base */,
			);
			name = LaunchScreen.storyboard;
			sourceTree = "<group>";
		};
/* End PBXVariantGroup section */

/* Begin XCBuildConfiguration section */
		F6A979662805DAAC00283A62 /* Debug */ = {
			isa = XCBuildConfiguration;
			buildSettings = {
				ALWAYS_SEARCH_USER_PATHS = NO;
				CLANG_ANALYZER_NONNULL = YES;
				CLANG_ANALYZER_NUMBER_OBJECT_CONVERSION = YES_AGGRESSIVE;
				CLANG_CXX_LANGUAGE_STANDARD = "gnu++17";
				CLANG_CXX_LIBRARY = "libc++";
				CLANG_ENABLE_MODULES = YES;
				CLANG_ENABLE_OBJC_ARC = YES;
				CLANG_ENABLE_OBJC_WEAK = YES;
				CLANG_WARN_BLOCK_CAPTURE_AUTORELEASING = YES;
				CLANG_WARN_BOOL_CONVERSION = YES;
				CLANG_WARN_COMMA = YES;
				CLANG_WARN_CONSTANT_CONVERSION = YES;
				CLANG_WARN_DEPRECATED_OBJC_IMPLEMENTATIONS = YES;
				CLANG_WARN_DIRECT_OBJC_ISA_USAGE = YES_ERROR;
				CLANG_WARN_DOCUMENTATION_COMMENTS = YES;
				CLANG_WARN_EMPTY_BODY = YES;
				CLANG_WARN_ENUM_CONVERSION = YES;
				CLANG_WARN_INFINITE_RECURSION = YES;
				CLANG_WARN_INT_CONVERSION = YES;
				CLANG_WARN_NON_LITERAL_NULL_CONVERSION = YES;
				CLANG_WARN_OBJC_IMPLICIT_RETAIN_SELF = YES;
				CLANG_WARN_OBJC_LITERAL_CONVERSION = YES;
				CLANG_WARN_OBJC_ROOT_CLASS = YES_ERROR;
				CLANG_WARN_QUOTED_INCLUDE_IN_FRAMEWORK_HEADER = YES;
				CLANG_WARN_RANGE_LOOP_ANALYSIS = YES;
				CLANG_WARN_STRICT_PROTOTYPES = YES;
				CLANG_WARN_SUSPICIOUS_MOVE = YES;
				CLANG_WARN_UNGUARDED_AVAILABILITY = YES_AGGRESSIVE;
				CLANG_WARN_UNREACHABLE_CODE = YES;
				CLANG_WARN__DUPLICATE_METHOD_MATCH = YES;
				COPY_PHASE_STRIP = NO;
				DEBUG_INFORMATION_FORMAT = dwarf;
				ENABLE_STRICT_OBJC_MSGSEND = YES;
				ENABLE_TESTABILITY = YES;
				GCC_C_LANGUAGE_STANDARD = gnu11;
				GCC_DYNAMIC_NO_PIC = NO;
				GCC_NO_COMMON_BLOCKS = YES;
				GCC_OPTIMIZATION_LEVEL = 0;
				GCC_PREPROCESSOR_DEFINITIONS = (
					"DEBUG=1",
					"$(inherited)",
				);
				GCC_WARN_64_TO_32_BIT_CONVERSION = YES;
				GCC_WARN_ABOUT_RETURN_TYPE = YES_ERROR;
				GCC_WARN_UNDECLARED_SELECTOR = YES;
				GCC_WARN_UNINITIALIZED_AUTOS = YES_AGGRESSIVE;
				GCC_WARN_UNUSED_FUNCTION = YES;
				GCC_WARN_UNUSED_VARIABLE = YES;
				IPHONEOS_DEPLOYMENT_TARGET = 15.2;
				MTL_ENABLE_DEBUG_INFO = INCLUDE_SOURCE;
				MTL_FAST_MATH = YES;
				ONLY_ACTIVE_ARCH = YES;
				SDKROOT = iphoneos;
				SWIFT_ACTIVE_COMPILATION_CONDITIONS = DEBUG;
				SWIFT_OPTIMIZATION_LEVEL = "-Onone";
			};
			name = Debug;
		};
		F6A979672805DAAC00283A62 /* Release */ = {
			isa = XCBuildConfiguration;
			buildSettings = {
				ALWAYS_SEARCH_USER_PATHS = NO;
				CLANG_ANALYZER_NONNULL = YES;
				CLANG_ANALYZER_NUMBER_OBJECT_CONVERSION = YES_AGGRESSIVE;
				CLANG_CXX_LANGUAGE_STANDARD = "gnu++17";
				CLANG_CXX_LIBRARY = "libc++";
				CLANG_ENABLE_MODULES = YES;
				CLANG_ENABLE_OBJC_ARC = YES;
				CLANG_ENABLE_OBJC_WEAK = YES;
				CLANG_WARN_BLOCK_CAPTURE_AUTORELEASING = YES;
				CLANG_WARN_BOOL_CONVERSION = YES;
				CLANG_WARN_COMMA = YES;
				CLANG_WARN_CONSTANT_CONVERSION = YES;
				CLANG_WARN_DEPRECATED_OBJC_IMPLEMENTATIONS = YES;
				CLANG_WARN_DIRECT_OBJC_ISA_USAGE = YES_ERROR;
				CLANG_WARN_DOCUMENTATION_COMMENTS = YES;
				CLANG_WARN_EMPTY_BODY = YES;
				CLANG_WARN_ENUM_CONVERSION = YES;
				CLANG_WARN_INFINITE_RECURSION = YES;
				CLANG_WARN_INT_CONVERSION = YES;
				CLANG_WARN_NON_LITERAL_NULL_CONVERSION = YES;
				CLANG_WARN_OBJC_IMPLICIT_RETAIN_SELF = YES;
				CLANG_WARN_OBJC_LITERAL_CONVERSION = YES;
				CLANG_WARN_OBJC_ROOT_CLASS = YES_ERROR;
				CLANG_WARN_QUOTED_INCLUDE_IN_FRAMEWORK_HEADER = YES;
				CLANG_WARN_RANGE_LOOP_ANALYSIS = YES;
				CLANG_WARN_STRICT_PROTOTYPES = YES;
				CLANG_WARN_SUSPICIOUS_MOVE = YES;
				CLANG_WARN_UNGUARDED_AVAILABILITY = YES_AGGRESSIVE;
				CLANG_WARN_UNREACHABLE_CODE = YES;
				CLANG_WARN__DUPLICATE_METHOD_MATCH = YES;
				COPY_PHASE_STRIP = NO;
				DEBUG_INFORMATION_FORMAT = "dwarf-with-dsym";
				ENABLE_NS_ASSERTIONS = NO;
				ENABLE_STRICT_OBJC_MSGSEND = YES;
				GCC_C_LANGUAGE_STANDARD = gnu11;
				GCC_NO_COMMON_BLOCKS = YES;
				GCC_WARN_64_TO_32_BIT_CONVERSION = YES;
				GCC_WARN_ABOUT_RETURN_TYPE = YES_ERROR;
				GCC_WARN_UNDECLARED_SELECTOR = YES;
				GCC_WARN_UNINITIALIZED_AUTOS = YES_AGGRESSIVE;
				GCC_WARN_UNUSED_FUNCTION = YES;
				GCC_WARN_UNUSED_VARIABLE = YES;
				IPHONEOS_DEPLOYMENT_TARGET = 15.2;
				MTL_ENABLE_DEBUG_INFO = NO;
				MTL_FAST_MATH = YES;
				SDKROOT = iphoneos;
				SWIFT_COMPILATION_MODE = wholemodule;
				SWIFT_OPTIMIZATION_LEVEL = "-O";
				VALIDATE_PRODUCT = YES;
			};
			name = Release;
		};
		F6A979692805DAAC00283A62 /* Debug */ = {
			isa = XCBuildConfiguration;
			buildSettings = {
				ASSETCATALOG_COMPILER_APPICON_NAME = AppIcon;
				ASSETCATALOG_COMPILER_GLOBAL_ACCENT_COLOR_NAME = AccentColor;
				CODE_SIGN_STYLE = Automatic;
				CURRENT_PROJECT_VERSION = 1;
				GENERATE_INFOPLIST_FILE = YES;
				INFOPLIST_FILE = MovieCollectionViewApp/Info.plist;
				INFOPLIST_KEY_UIApplicationSupportsIndirectInputEvents = YES;
				INFOPLIST_KEY_UILaunchStoryboardName = LaunchScreen;
				INFOPLIST_KEY_UIMainStoryboardFile = Main;
				INFOPLIST_KEY_UISupportedInterfaceOrientations_iPad = "UIInterfaceOrientationPortrait UIInterfaceOrientationPortraitUpsideDown UIInterfaceOrientationLandscapeLeft UIInterfaceOrientationLandscapeRight";
				INFOPLIST_KEY_UISupportedInterfaceOrientations_iPhone = "UIInterfaceOrientationPortrait UIInterfaceOrientationLandscapeLeft UIInterfaceOrientationLandscapeRight";
				LD_RUNPATH_SEARCH_PATHS = (
					"$(inherited)",
					"@executable_path/Frameworks",
				);
				MARKETING_VERSION = 1.0;
				PRODUCT_BUNDLE_IDENTIFIER = nwmsu.MovieCollectionViewApp;
				PRODUCT_NAME = "$(TARGET_NAME)";
				SWIFT_EMIT_LOC_STRINGS = YES;
				SWIFT_VERSION = 5.0;
				TARGETED_DEVICE_FAMILY = "1,2";
			};
			name = Debug;
		};
		F6A9796A2805DAAC00283A62 /* Release */ = {
			isa = XCBuildConfiguration;
			buildSettings = {
				ASSETCATALOG_COMPILER_APPICON_NAME = AppIcon;
				ASSETCATALOG_COMPILER_GLOBAL_ACCENT_COLOR_NAME = AccentColor;
				CODE_SIGN_STYLE = Automatic;
				CURRENT_PROJECT_VERSION = 1;
				GENERATE_INFOPLIST_FILE = YES;
				INFOPLIST_FILE = MovieCollectionViewApp/Info.plist;
				INFOPLIST_KEY_UIApplicationSupportsIndirectInputEvents = YES;
				INFOPLIST_KEY_UILaunchStoryboardName = LaunchScreen;
				INFOPLIST_KEY_UIMainStoryboardFile = Main;
				INFOPLIST_KEY_UISupportedInterfaceOrientations_iPad = "UIInterfaceOrientationPortrait UIInterfaceOrientationPortraitUpsideDown UIInterfaceOrientationLandscapeLeft UIInterfaceOrientationLandscapeRight";
				INFOPLIST_KEY_UISupportedInterfaceOrientations_iPhone = "UIInterfaceOrientationPortrait UIInterfaceOrientationLandscapeLeft UIInterfaceOrientationLandscapeRight";
				LD_RUNPATH_SEARCH_PATHS = (
					"$(inherited)",
					"@executable_path/Frameworks",
				);
				MARKETING_VERSION = 1.0;
				PRODUCT_BUNDLE_IDENTIFIER = nwmsu.MovieCollectionViewApp;
				PRODUCT_NAME = "$(TARGET_NAME)";
				SWIFT_EMIT_LOC_STRINGS = YES;
				SWIFT_VERSION = 5.0;
				TARGETED_DEVICE_FAMILY = "1,2";
			};
			name = Release;
		};
		F6A9796C2805DAAC00283A62 /* Debug */ = {
			isa = XCBuildConfiguration;
			buildSettings = {
				ALWAYS_EMBED_SWIFT_STANDARD_LIBRARIES = YES;
				BUNDLE_LOADER = "$(TEST_HOST)";
				CODE_SIGN_STYLE = Automatic;
				CURRENT_PROJECT_VERSION = 1;
				GENERATE_INFOPLIST_FILE = YES;
				IPHONEOS_DEPLOYMENT_TARGET = 15.2;
				MARKETING_VERSION = 1.0;
				PRODUCT_BUNDLE_IDENTIFIER = nwmsu.MovieCollectionViewAppTests;
				PRODUCT_NAME = "$(TARGET_NAME)";
				SWIFT_EMIT_LOC_STRINGS = NO;
				SWIFT_VERSION = 5.0;
				TARGETED_DEVICE_FAMILY = "1,2";
				TEST_HOST = "$(BUILT_PRODUCTS_DIR)/MovieCollectionViewApp.app/MovieCollectionViewApp";
			};
			name = Debug;
		};
		F6A9796D2805DAAC00283A62 /* Release */ = {
			isa = XCBuildConfiguration;
			buildSettings = {
				ALWAYS_EMBED_SWIFT_STANDARD_LIBRARIES = YES;
				BUNDLE_LOADER = "$(TEST_HOST)";
				CODE_SIGN_STYLE = Automatic;
				CURRENT_PROJECT_VERSION = 1;
				GENERATE_INFOPLIST_FILE = YES;
				IPHONEOS_DEPLOYMENT_TARGET = 15.2;
				MARKETING_VERSION = 1.0;
				PRODUCT_BUNDLE_IDENTIFIER = nwmsu.MovieCollectionViewAppTests;
				PRODUCT_NAME = "$(TARGET_NAME)";
				SWIFT_EMIT_LOC_STRINGS = NO;
				SWIFT_VERSION = 5.0;
				TARGETED_DEVICE_FAMILY = "1,2";
				TEST_HOST = "$(BUILT_PRODUCTS_DIR)/MovieCollectionViewApp.app/MovieCollectionViewApp";
			};
			name = Release;
		};
		F6A9796F2805DAAC00283A62 /* Debug */ = {
			isa = XCBuildConfiguration;
			buildSettings = {
				ALWAYS_EMBED_SWIFT_STANDARD_LIBRARIES = YES;
				CODE_SIGN_STYLE = Automatic;
				CURRENT_PROJECT_VERSION = 1;
				GENERATE_INFOPLIST_FILE = YES;
				MARKETING_VERSION = 1.0;
				PRODUCT_BUNDLE_IDENTIFIER = nwmsu.MovieCollectionViewAppUITests;
				PRODUCT_NAME = "$(TARGET_NAME)";
				SWIFT_EMIT_LOC_STRINGS = NO;
				SWIFT_VERSION = 5.0;
				TARGETED_DEVICE_FAMILY = "1,2";
				TEST_TARGET_NAME = MovieCollectionViewApp;
			};
			name = Debug;
		};
		F6A979702805DAAC00283A62 /* Release */ = {
			isa = XCBuildConfiguration;
			buildSettings = {
				ALWAYS_EMBED_SWIFT_STANDARD_LIBRARIES = YES;
				CODE_SIGN_STYLE = Automatic;
				CURRENT_PROJECT_VERSION = 1;
				GENERATE_INFOPLIST_FILE = YES;
				MARKETING_VERSION = 1.0;
				PRODUCT_BUNDLE_IDENTIFIER = nwmsu.MovieCollectionViewAppUITests;
				PRODUCT_NAME = "$(TARGET_NAME)";
				SWIFT_EMIT_LOC_STRINGS = NO;
				SWIFT_VERSION = 5.0;
				TARGETED_DEVICE_FAMILY = "1,2";
				TEST_TARGET_NAME = MovieCollectionViewApp;
			};
			name = Release;
		};
/* End XCBuildConfiguration section */

/* Begin XCConfigurationList section */
		F6A979392805DAAA00283A62 /* Build configuration list for PBXProject "MovieCollectionViewApp" */ = {
			isa = XCConfigurationList;
			buildConfigurations = (
				F6A979662805DAAC00283A62 /* Debug */,
				F6A979672805DAAC00283A62 /* Release */,
			);
			defaultConfigurationIsVisible = 0;
			defaultConfigurationName = Release;
		};
		F6A979682805DAAC00283A62 /* Build configuration list for PBXNativeTarget "MovieCollectionViewApp" */ = {
			isa = XCConfigurationList;
			buildConfigurations = (
				F6A979692805DAAC00283A62 /* Debug */,
				F6A9796A2805DAAC00283A62 /* Release */,
			);
			defaultConfigurationIsVisible = 0;
			defaultConfigurationName = Release;
		};
		F6A9796B2805DAAC00283A62 /* Build configuration list for PBXNativeTarget "MovieCollectionViewAppTests" */ = {
			isa = XCConfigurationList;
			buildConfigurations = (
				F6A9796C2805DAAC00283A62 /* Debug */,
				F6A9796D2805DAAC00283A62 /* Release */,
			);
			defaultConfigurationIsVisible = 0;
			defaultConfigurationName = Release;
		};
		F6A9796E2805DAAC00283A62 /* Build configuration list for PBXNativeTarget "MovieCollectionViewAppUITests" */ = {
			isa = XCConfigurationList;
			buildConfigurations = (
				F6A9796F2805DAAC00283A62 /* Debug */,
				F6A979702805DAAC00283A62 /* Release */,
			);
			defaultConfigurationIsVisible = 0;
			defaultConfigurationName = Release;
		};
/* End XCConfigurationList section */
	};
	rootObject = F6A979362805DAAA00283A62 /* Project object */;
}
